// !$*UTF8*$!
{
	archiveVersion = 1;
	classes = {
	};
	objectVersion = 46;
	objects = {

/* Begin PBXBuildFile section */
		0716B8A01D5B2382002F8F1D /* UIScrollView+EmptyDataSet.m in Sources */ = {isa = PBXBuildFile; fileRef = 0716B89F1D5B2382002F8F1D /* UIScrollView+EmptyDataSet.m */; };
		0716B8A31D5B33DD002F8F1D /* ResetPasswordController.swift in Sources */ = {isa = PBXBuildFile; fileRef = 0716B8A21D5B33DD002F8F1D /* ResetPasswordController.swift */; };
		0719DF3F1D53677B00C1C55B /* PartyEvaluationViewController.swift in Sources */ = {isa = PBXBuildFile; fileRef = 0719DF3E1D53677B00C1C55B /* PartyEvaluationViewController.swift */; };
		0719DF411D53687A00C1C55B /* PartyEvalCellViewController.swift in Sources */ = {isa = PBXBuildFile; fileRef = 0719DF401D53687A00C1C55B /* PartyEvalCellViewController.swift */; };
		071F343F1D51DCCC000400F7 /* SelectIssuesTableViewController.swift in Sources */ = {isa = PBXBuildFile; fileRef = 071F343E1D51DCCC000400F7 /* SelectIssuesTableViewController.swift */; };
		071F34411D51DE73000400F7 /* IssuesCellViewController.swift in Sources */ = {isa = PBXBuildFile; fileRef = 071F34401D51DE73000400F7 /* IssuesCellViewController.swift */; };
		07211A2F1D50ACE400C502D3 /* UserResponseViewController.swift in Sources */ = {isa = PBXBuildFile; fileRef = 07211A2E1D50ACE400C502D3 /* UserResponseViewController.swift */; };
		07211A311D50AFDA00C502D3 /* IssuesHubTableViewController.swift in Sources */ = {isa = PBXBuildFile; fileRef = 07211A301D50AFDA00C502D3 /* IssuesHubTableViewController.swift */; };
		0727682C1D42301900FA9821 /* Default-568h@2x.png in Resources */ = {isa = PBXBuildFile; fileRef = 0727682B1D42301900FA9821 /* Default-568h@2x.png */; };
		0741AD841D4B6576009CDABF /* PolTwitterViewController.swift in Sources */ = {isa = PBXBuildFile; fileRef = 0741AD831D4B6576009CDABF /* PolTwitterViewController.swift */; };
		0741AD861D4B862D009CDABF /* PartyTwitterViewController.swift in Sources */ = {isa = PBXBuildFile; fileRef = 0741AD851D4B862D009CDABF /* PartyTwitterViewController.swift */; };
		074B46701D4E7A20004F9C0E /* EditDetailsViewController.swift in Sources */ = {isa = PBXBuildFile; fileRef = 074B466F1D4E7A20004F9C0E /* EditDetailsViewController.swift */; };
		0757BC8E1D43A9EA005D16B3 /* emailIcon.png in Resources */ = {isa = PBXBuildFile; fileRef = 0757BC8D1D43A9EA005D16B3 /* emailIcon.png */; };
		0757BC901D43AADE005D16B3 /* phoneIcon in Resources */ = {isa = PBXBuildFile; fileRef = 0757BC8F1D43AADE005D16B3 /* phoneIcon */; };
		076516951D4111A200E4C04E /* PolTableViewController.swift in Sources */ = {isa = PBXBuildFile; fileRef = 076516941D4111A200E4C04E /* PolTableViewController.swift */; };
		077981F11D4A1731008B6417 /* email.png in Resources */ = {isa = PBXBuildFile; fileRef = 077981F01D4A1731008B6417 /* email.png */; };
		078C02451D44F7A400FBBF81 /* Main.storyboard in Resources */ = {isa = PBXBuildFile; fileRef = 078C02431D44F7A400FBBF81 /* Main.storyboard */; };
		078C626C1D536F65003CA96F /* PartyEval.swift in Sources */ = {isa = PBXBuildFile; fileRef = 078C626B1D536F65003CA96F /* PartyEval.swift */; };
		079EA8BC1D3FA78D000570B2 /* AppDelegate.swift in Sources */ = {isa = PBXBuildFile; fileRef = 079EA8BB1D3FA78D000570B2 /* AppDelegate.swift */; };
		079EA8C31D3FA78D000570B2 /* Assets.xcassets in Resources */ = {isa = PBXBuildFile; fileRef = 079EA8C21D3FA78D000570B2 /* Assets.xcassets */; };
		079EA8C61D3FA78D000570B2 /* LaunchScreen.storyboard in Resources */ = {isa = PBXBuildFile; fileRef = 079EA8C41D3FA78D000570B2 /* LaunchScreen.storyboard */; };
		079EA8CE1D3FA7A3000570B2 /* Politician.swift in Sources */ = {isa = PBXBuildFile; fileRef = 079EA8CD1D3FA7A3000570B2 /* Politician.swift */; };
		079EA8D01D3FB1AB000570B2 /* Party.swift in Sources */ = {isa = PBXBuildFile; fileRef = 079EA8CF1D3FB1AB000570B2 /* Party.swift */; };
		079EA8D41D3FC8BB000570B2 /* DatabaseUtility.swift in Sources */ = {isa = PBXBuildFile; fileRef = 079EA8D31D3FC8BB000570B2 /* DatabaseUtility.swift */; };
		079EA8D61D3FC955000570B2 /* SwiftyJSON.framework in Frameworks */ = {isa = PBXBuildFile; fileRef = 079EA8D51D3FC955000570B2 /* SwiftyJSON.framework */; };
		07A4E2E71D4F736D00523B3E /* PartyIssuesViewController.swift in Sources */ = {isa = PBXBuildFile; fileRef = 07A4E2E61D4F736D00523B3E /* PartyIssuesViewController.swift */; };
		07A4E2E91D4F754300523B3E /* Issue.swift in Sources */ = {isa = PBXBuildFile; fileRef = 07A4E2E81D4F754300523B3E /* Issue.swift */; };
		07A4E2EB1D4F75C600523B3E /* PartyView.swift in Sources */ = {isa = PBXBuildFile; fileRef = 07A4E2EA1D4F75C600523B3E /* PartyView.swift */; };
		07A4E2ED1D4F7C5900523B3E /* PartyIssuesCellViewController.swift in Sources */ = {isa = PBXBuildFile; fileRef = 07A4E2EC1D4F7C5900523B3E /* PartyIssuesCellViewController.swift */; };
		07A90F561D5A033500D4B7E4 /* RespondPartyIssuesCellViewController.swift in Sources */ = {isa = PBXBuildFile; fileRef = 07A90F551D5A033500D4B7E4 /* RespondPartyIssuesCellViewController.swift */; };
		07A90F581D5A03E800D4B7E4 /* RespondPartyIssueTableViewController.swift in Sources */ = {isa = PBXBuildFile; fileRef = 07A90F571D5A03E800D4B7E4 /* RespondPartyIssueTableViewController.swift */; };
		07A90F5A1D5A0B8300D4B7E4 /* RespondPartyViewsTableViewController.swift in Sources */ = {isa = PBXBuildFile; fileRef = 07A90F591D5A0B8300D4B7E4 /* RespondPartyViewsTableViewController.swift */; };
		07A90F5C1D5A0BC700D4B7E4 /* RespondPartyViewsCellViewController.swift in Sources */ = {isa = PBXBuildFile; fileRef = 07A90F5B1D5A0BC700D4B7E4 /* RespondPartyViewsCellViewController.swift */; };
		07B8253D1D411F3400E20DD4 /* PolCellViewController.swift in Sources */ = {isa = PBXBuildFile; fileRef = 07B8253C1D411F3400E20DD4 /* PolCellViewController.swift */; };
		07DDA55F1D4617CF0001B507 /* User.swift in Sources */ = {isa = PBXBuildFile; fileRef = 07DDA55E1D4617CF0001B507 /* User.swift */; };
		07DDA5611D461E310001B507 /* politicsni.png in Resources */ = {isa = PBXBuildFile; fileRef = 07DDA5601D461E310001B507 /* politicsni.png */; };
		07DDA5631D4621D40001B507 /* nameIcon.png in Resources */ = {isa = PBXBuildFile; fileRef = 07DDA5621D4621D40001B507 /* nameIcon.png */; };
		07DDA5651D46230C0001B507 /* birthdayIcon.png in Resources */ = {isa = PBXBuildFile; fileRef = 07DDA5641D46230C0001B507 /* birthdayIcon.png */; };
		07DDA5671D4623E70001B507 /* genderIcon.png in Resources */ = {isa = PBXBuildFile; fileRef = 07DDA5661D4623E70001B507 /* genderIcon.png */; };
		07DDA5691D4624410001B507 /* locationIcon.png in Resources */ = {isa = PBXBuildFile; fileRef = 07DDA5681D4624410001B507 /* locationIcon.png */; };
		07DDA56B1D4625A60001B507 /* passwordIcon.png in Resources */ = {isa = PBXBuildFile; fileRef = 07DDA56A1D4625A60001B507 /* passwordIcon.png */; };
		07DDA56D1D463E120001B507 /* RegisterViewController.swift in Sources */ = {isa = PBXBuildFile; fileRef = 07DDA56C1D463E120001B507 /* RegisterViewController.swift */; };
		07DDA5701D46562C0001B507 /* GoogleService-Info.plist in Resources */ = {isa = PBXBuildFile; fileRef = 07DDA56F1D46562C0001B507 /* GoogleService-Info.plist */; };
		07DE60591D439C2300AAAC37 /* PoliticianProfileViewController.swift in Sources */ = {isa = PBXBuildFile; fileRef = 07DE60581D439C2300AAAC37 /* PoliticianProfileViewController.swift */; };
		07E0EFEB1D49F5E90013B5B7 /* webIcon in Resources */ = {isa = PBXBuildFile; fileRef = 07E0EFEA1D49F5E90013B5B7 /* webIcon */; };
		07E0EFED1D49F75C0013B5B7 /* PartyProfileVIewController.swift in Sources */ = {isa = PBXBuildFile; fileRef = 07E0EFEC1D49F75C0013B5B7 /* PartyProfileVIewController.swift */; };
		07E0EFF11D49FBFD0013B5B7 /* PartyCellViewController.swift in Sources */ = {isa = PBXBuildFile; fileRef = 07E0EFF01D49FBFD0013B5B7 /* PartyCellViewController.swift */; };
		07E0EFF31D49FC390013B5B7 /* PartyTableViewController.swift in Sources */ = {isa = PBXBuildFile; fileRef = 07E0EFF21D49FC390013B5B7 /* PartyTableViewController.swift */; };
		07E0EFFD1D4A04870013B5B7 /* alliance.png in Resources */ = {isa = PBXBuildFile; fileRef = 07E0EFF41D4A04870013B5B7 /* alliance.png */; };
		07E0EFFE1D4A04870013B5B7 /* dup.png in Resources */ = {isa = PBXBuildFile; fileRef = 07E0EFF51D4A04870013B5B7 /* dup.png */; };
		07E0EFFF1D4A04870013B5B7 /* green.png in Resources */ = {isa = PBXBuildFile; fileRef = 07E0EFF61D4A04870013B5B7 /* green.png */; };
		07E0F0001D4A04870013B5B7 /* Independent.png in Resources */ = {isa = PBXBuildFile; fileRef = 07E0EFF71D4A04870013B5B7 /* Independent.png */; };
		07E0F0011D4A04870013B5B7 /* pbp.png in Resources */ = {isa = PBXBuildFile; fileRef = 07E0EFF81D4A04870013B5B7 /* pbp.png */; };
		07E0F0021D4A04870013B5B7 /* sdlp.png in Resources */ = {isa = PBXBuildFile; fileRef = 07E0EFF91D4A04870013B5B7 /* sdlp.png */; };
		07E0F0031D4A04870013B5B7 /* sf.png in Resources */ = {isa = PBXBuildFile; fileRef = 07E0EFFA1D4A04870013B5B7 /* sf.png */; };
		07E0F0041D4A04870013B5B7 /* tuv.png in Resources */ = {isa = PBXBuildFile; fileRef = 07E0EFFB1D4A04870013B5B7 /* tuv.png */; };
		07E0F0051D4A04870013B5B7 /* uup.png in Resources */ = {isa = PBXBuildFile; fileRef = 07E0EFFC1D4A04870013B5B7 /* uup.png */; };
		07E0F0081D4A12FB0013B5B7 /* politicsni copy.png in Resources */ = {isa = PBXBuildFile; fileRef = 07E0F0071D4A12FB0013B5B7 /* politicsni copy.png */; };
		07EAF6371D475D6B007A2208 /* CoreLocation.framework in Frameworks */ = {isa = PBXBuildFile; fileRef = 07EAF6361D475D6B007A2208 /* CoreLocation.framework */; };
		07EAF6391D47919C007A2208 /* LandingPageViewController.swift in Sources */ = {isa = PBXBuildFile; fileRef = 07EAF6381D47919C007A2208 /* LandingPageViewController.swift */; };
		07F401D01D48A5E90007384A /* myIssues.png in Resources */ = {isa = PBXBuildFile; fileRef = 07F401CD1D48A5E90007384A /* myIssues.png */; };
		07F401D11D48A5E90007384A /* myPolitics in Resources */ = {isa = PBXBuildFile; fileRef = 07F401CE1D48A5E90007384A /* myPolitics */; };
		07F401D21D48A5E90007384A /* parties.png in Resources */ = {isa = PBXBuildFile; fileRef = 07F401CF1D48A5E90007384A /* parties.png */; };
		07F401D41D48A7DD0007384A /* HubViewControlller.swift in Sources */ = {isa = PBXBuildFile; fileRef = 07F401D31D48A7DD0007384A /* HubViewControlller.swift */; };
		07F401D91D48B9180007384A /* SWRevealViewController.m in Sources */ = {isa = PBXBuildFile; fileRef = 07F401D81D48B9180007384A /* SWRevealViewController.m */; };
		07F401DD1D48E6F20007384A /* userUtility.swift in Sources */ = {isa = PBXBuildFile; fileRef = 07F401DC1D48E6F20007384A /* userUtility.swift */; };
		07F401DF1D4907120007384A /* SideMenuTableViewController.swift in Sources */ = {isa = PBXBuildFile; fileRef = 07F401DE1D4907120007384A /* SideMenuTableViewController.swift */; };
		0A5FAFA8909D6940CEF7F1D6 /* Pods_Politics_NI.framework in Frameworks */ = {isa = PBXBuildFile; fileRef = A2FF61639C63311AF561F235 /* Pods_Politics_NI.framework */; };
/* End PBXBuildFile section */

/* Begin PBXFileReference section */
		0716B89E1D5B2382002F8F1D /* UIScrollView+EmptyDataSet.h */ = {isa = PBXFileReference; fileEncoding = 4; lastKnownFileType = sourcecode.c.h; path = "UIScrollView+EmptyDataSet.h"; sourceTree = "<group>"; };
		0716B89F1D5B2382002F8F1D /* UIScrollView+EmptyDataSet.m */ = {isa = PBXFileReference; fileEncoding = 4; lastKnownFileType = sourcecode.c.objc; path = "UIScrollView+EmptyDataSet.m"; sourceTree = "<group>"; };
		0716B8A21D5B33DD002F8F1D /* ResetPasswordController.swift */ = {isa = PBXFileReference; fileEncoding = 4; lastKnownFileType = sourcecode.swift; path = ResetPasswordController.swift; sourceTree = "<group>"; };
		0719DF3E1D53677B00C1C55B /* PartyEvaluationViewController.swift */ = {isa = PBXFileReference; fileEncoding = 4; lastKnownFileType = sourcecode.swift; path = PartyEvaluationViewController.swift; sourceTree = "<group>"; };
		0719DF401D53687A00C1C55B /* PartyEvalCellViewController.swift */ = {isa = PBXFileReference; fileEncoding = 4; lastKnownFileType = sourcecode.swift; path = PartyEvalCellViewController.swift; sourceTree = "<group>"; };
		071F343E1D51DCCC000400F7 /* SelectIssuesTableViewController.swift */ = {isa = PBXFileReference; fileEncoding = 4; lastKnownFileType = sourcecode.swift; path = SelectIssuesTableViewController.swift; sourceTree = "<group>"; };
		071F34401D51DE73000400F7 /* IssuesCellViewController.swift */ = {isa = PBXFileReference; fileEncoding = 4; lastKnownFileType = sourcecode.swift; path = IssuesCellViewController.swift; sourceTree = "<group>"; };
		07211A2E1D50ACE400C502D3 /* UserResponseViewController.swift */ = {isa = PBXFileReference; fileEncoding = 4; lastKnownFileType = sourcecode.swift; path = UserResponseViewController.swift; sourceTree = "<group>"; };
		07211A301D50AFDA00C502D3 /* IssuesHubTableViewController.swift */ = {isa = PBXFileReference; fileEncoding = 4; lastKnownFileType = sourcecode.swift; path = IssuesHubTableViewController.swift; sourceTree = "<group>"; };
		0727682B1D42301900FA9821 /* Default-568h@2x.png */ = {isa = PBXFileReference; lastKnownFileType = image.png; path = "Default-568h@2x.png"; sourceTree = "<group>"; };
		0741AD831D4B6576009CDABF /* PolTwitterViewController.swift */ = {isa = PBXFileReference; fileEncoding = 4; lastKnownFileType = sourcecode.swift; path = PolTwitterViewController.swift; sourceTree = "<group>"; };
		0741AD851D4B862D009CDABF /* PartyTwitterViewController.swift */ = {isa = PBXFileReference; fileEncoding = 4; lastKnownFileType = sourcecode.swift; path = PartyTwitterViewController.swift; sourceTree = "<group>"; };
		074B466F1D4E7A20004F9C0E /* EditDetailsViewController.swift */ = {isa = PBXFileReference; fileEncoding = 4; lastKnownFileType = sourcecode.swift; path = EditDetailsViewController.swift; sourceTree = "<group>"; };
		0757BC8D1D43A9EA005D16B3 /* emailIcon.png */ = {isa = PBXFileReference; lastKnownFileType = image.png; name = emailIcon.png; path = Images/emailIcon.png; sourceTree = "<group>"; };
		0757BC8F1D43AADE005D16B3 /* phoneIcon */ = {isa = PBXFileReference; lastKnownFileType = file; name = phoneIcon; path = Images/phoneIcon; sourceTree = "<group>"; };
		076516941D4111A200E4C04E /* PolTableViewController.swift */ = {isa = PBXFileReference; fileEncoding = 4; lastKnownFileType = sourcecode.swift; path = PolTableViewController.swift; sourceTree = "<group>"; };
		077981F01D4A1731008B6417 /* email.png */ = {isa = PBXFileReference; lastKnownFileType = image.png; name = email.png; path = Images/email.png; sourceTree = "<group>"; };
		078C02441D44F7A400FBBF81 /* Base */ = {isa = PBXFileReference; lastKnownFileType = file.storyboard; name = Base; path = Base.lproj/Main.storyboard; sourceTree = "<group>"; };
		078C626B1D536F65003CA96F /* PartyEval.swift */ = {isa = PBXFileReference; fileEncoding = 4; lastKnownFileType = sourcecode.swift; path = PartyEval.swift; sourceTree = "<group>"; };
		079EA8B81D3FA78D000570B2 /* Politics NI.app */ = {isa = PBXFileReference; explicitFileType = wrapper.application; includeInIndex = 0; path = "Politics NI.app"; sourceTree = BUILT_PRODUCTS_DIR; };
		079EA8BB1D3FA78D000570B2 /* AppDelegate.swift */ = {isa = PBXFileReference; lastKnownFileType = sourcecode.swift; path = AppDelegate.swift; sourceTree = "<group>"; };
		079EA8C21D3FA78D000570B2 /* Assets.xcassets */ = {isa = PBXFileReference; lastKnownFileType = folder.assetcatalog; path = Assets.xcassets; sourceTree = "<group>"; };
		079EA8C51D3FA78D000570B2 /* Base */ = {isa = PBXFileReference; lastKnownFileType = file.storyboard; name = Base; path = Base.lproj/LaunchScreen.storyboard; sourceTree = "<group>"; };
		079EA8C71D3FA78D000570B2 /* Info.plist */ = {isa = PBXFileReference; lastKnownFileType = text.plist.xml; path = Info.plist; sourceTree = "<group>"; };
		079EA8CD1D3FA7A3000570B2 /* Politician.swift */ = {isa = PBXFileReference; fileEncoding = 4; lastKnownFileType = sourcecode.swift; path = Politician.swift; sourceTree = "<group>"; };
		079EA8CF1D3FB1AB000570B2 /* Party.swift */ = {isa = PBXFileReference; fileEncoding = 4; lastKnownFileType = sourcecode.swift; path = Party.swift; sourceTree = "<group>"; };
		079EA8D31D3FC8BB000570B2 /* DatabaseUtility.swift */ = {isa = PBXFileReference; fileEncoding = 4; lastKnownFileType = sourcecode.swift; path = DatabaseUtility.swift; sourceTree = "<group>"; };
		079EA8D51D3FC955000570B2 /* SwiftyJSON.framework */ = {isa = PBXFileReference; lastKnownFileType = wrapper.framework; name = SwiftyJSON.framework; path = "../../Library/Developer/Xcode/DerivedData/Politics_NI-bcrcekjquayitoblqcfdvzfhxptr/Build/Products/Debug-iphonesimulator/SwiftyJSON/SwiftyJSON.framework"; sourceTree = "<group>"; };
		07A4E2E61D4F736D00523B3E /* PartyIssuesViewController.swift */ = {isa = PBXFileReference; fileEncoding = 4; lastKnownFileType = sourcecode.swift; path = PartyIssuesViewController.swift; sourceTree = "<group>"; };
		07A4E2E81D4F754300523B3E /* Issue.swift */ = {isa = PBXFileReference; fileEncoding = 4; lastKnownFileType = sourcecode.swift; path = Issue.swift; sourceTree = "<group>"; };
		07A4E2EA1D4F75C600523B3E /* PartyView.swift */ = {isa = PBXFileReference; fileEncoding = 4; lastKnownFileType = sourcecode.swift; path = PartyView.swift; sourceTree = "<group>"; };
		07A4E2EC1D4F7C5900523B3E /* PartyIssuesCellViewController.swift */ = {isa = PBXFileReference; fileEncoding = 4; lastKnownFileType = sourcecode.swift; path = PartyIssuesCellViewController.swift; sourceTree = "<group>"; };
		07A90F551D5A033500D4B7E4 /* RespondPartyIssuesCellViewController.swift */ = {isa = PBXFileReference; fileEncoding = 4; lastKnownFileType = sourcecode.swift; path = RespondPartyIssuesCellViewController.swift; sourceTree = "<group>"; };
		07A90F571D5A03E800D4B7E4 /* RespondPartyIssueTableViewController.swift */ = {isa = PBXFileReference; fileEncoding = 4; lastKnownFileType = sourcecode.swift; path = RespondPartyIssueTableViewController.swift; sourceTree = "<group>"; };
		07A90F591D5A0B8300D4B7E4 /* RespondPartyViewsTableViewController.swift */ = {isa = PBXFileReference; fileEncoding = 4; lastKnownFileType = sourcecode.swift; path = RespondPartyViewsTableViewController.swift; sourceTree = "<group>"; };
		07A90F5B1D5A0BC700D4B7E4 /* RespondPartyViewsCellViewController.swift */ = {isa = PBXFileReference; fileEncoding = 4; lastKnownFileType = sourcecode.swift; path = RespondPartyViewsCellViewController.swift; sourceTree = "<group>"; };
		07B8253C1D411F3400E20DD4 /* PolCellViewController.swift */ = {isa = PBXFileReference; fileEncoding = 4; lastKnownFileType = sourcecode.swift; path = PolCellViewController.swift; sourceTree = "<group>"; };
		07DDA55E1D4617CF0001B507 /* User.swift */ = {isa = PBXFileReference; fileEncoding = 4; lastKnownFileType = sourcecode.swift; path = User.swift; sourceTree = "<group>"; };
		07DDA5601D461E310001B507 /* politicsni.png */ = {isa = PBXFileReference; lastKnownFileType = image.png; name = politicsni.png; path = Images/politicsni.png; sourceTree = "<group>"; };
		07DDA5621D4621D40001B507 /* nameIcon.png */ = {isa = PBXFileReference; lastKnownFileType = image.png; name = nameIcon.png; path = Images/nameIcon.png; sourceTree = "<group>"; };
		07DDA5641D46230C0001B507 /* birthdayIcon.png */ = {isa = PBXFileReference; lastKnownFileType = image.png; name = birthdayIcon.png; path = Images/birthdayIcon.png; sourceTree = "<group>"; };
		07DDA5661D4623E70001B507 /* genderIcon.png */ = {isa = PBXFileReference; lastKnownFileType = image.png; name = genderIcon.png; path = Images/genderIcon.png; sourceTree = "<group>"; };
		07DDA5681D4624410001B507 /* locationIcon.png */ = {isa = PBXFileReference; lastKnownFileType = image.png; name = locationIcon.png; path = Images/locationIcon.png; sourceTree = "<group>"; };
		07DDA56A1D4625A60001B507 /* passwordIcon.png */ = {isa = PBXFileReference; lastKnownFileType = image.png; name = passwordIcon.png; path = Images/passwordIcon.png; sourceTree = "<group>"; };
		07DDA56C1D463E120001B507 /* RegisterViewController.swift */ = {isa = PBXFileReference; fileEncoding = 4; lastKnownFileType = sourcecode.swift; path = RegisterViewController.swift; sourceTree = "<group>"; };
		07DDA56F1D46562C0001B507 /* GoogleService-Info.plist */ = {isa = PBXFileReference; fileEncoding = 4; lastKnownFileType = text.plist.xml; name = "GoogleService-Info.plist"; path = "../../../Downloads/GoogleService-Info.plist"; sourceTree = "<group>"; };
		07DE60581D439C2300AAAC37 /* PoliticianProfileViewController.swift */ = {isa = PBXFileReference; fileEncoding = 4; lastKnownFileType = sourcecode.swift; path = PoliticianProfileViewController.swift; sourceTree = "<group>"; };
		07E0EFEA1D49F5E90013B5B7 /* webIcon */ = {isa = PBXFileReference; lastKnownFileType = file; name = webIcon; path = Images/webIcon; sourceTree = "<group>"; };
		07E0EFEC1D49F75C0013B5B7 /* PartyProfileVIewController.swift */ = {isa = PBXFileReference; fileEncoding = 4; lastKnownFileType = sourcecode.swift; path = PartyProfileVIewController.swift; sourceTree = "<group>"; };
		07E0EFF01D49FBFD0013B5B7 /* PartyCellViewController.swift */ = {isa = PBXFileReference; fileEncoding = 4; lastKnownFileType = sourcecode.swift; path = PartyCellViewController.swift; sourceTree = "<group>"; };
		07E0EFF21D49FC390013B5B7 /* PartyTableViewController.swift */ = {isa = PBXFileReference; fileEncoding = 4; lastKnownFileType = sourcecode.swift; path = PartyTableViewController.swift; sourceTree = "<group>"; };
		07E0EFF41D4A04870013B5B7 /* alliance.png */ = {isa = PBXFileReference; lastKnownFileType = image.png; name = alliance.png; path = Images/PartyLogos/alliance.png; sourceTree = "<group>"; };
		07E0EFF51D4A04870013B5B7 /* dup.png */ = {isa = PBXFileReference; lastKnownFileType = image.png; name = dup.png; path = Images/PartyLogos/dup.png; sourceTree = "<group>"; };
		07E0EFF61D4A04870013B5B7 /* green.png */ = {isa = PBXFileReference; lastKnownFileType = image.png; name = green.png; path = Images/PartyLogos/green.png; sourceTree = "<group>"; };
		07E0EFF71D4A04870013B5B7 /* Independent.png */ = {isa = PBXFileReference; lastKnownFileType = image.png; name = Independent.png; path = Images/PartyLogos/Independent.png; sourceTree = "<group>"; };
		07E0EFF81D4A04870013B5B7 /* pbp.png */ = {isa = PBXFileReference; lastKnownFileType = image.png; name = pbp.png; path = Images/PartyLogos/pbp.png; sourceTree = "<group>"; };
		07E0EFF91D4A04870013B5B7 /* sdlp.png */ = {isa = PBXFileReference; lastKnownFileType = image.png; name = sdlp.png; path = Images/PartyLogos/sdlp.png; sourceTree = "<group>"; };
		07E0EFFA1D4A04870013B5B7 /* sf.png */ = {isa = PBXFileReference; lastKnownFileType = image.png; name = sf.png; path = Images/PartyLogos/sf.png; sourceTree = "<group>"; };
		07E0EFFB1D4A04870013B5B7 /* tuv.png */ = {isa = PBXFileReference; lastKnownFileType = image.png; name = tuv.png; path = Images/PartyLogos/tuv.png; sourceTree = "<group>"; };
		07E0EFFC1D4A04870013B5B7 /* uup.png */ = {isa = PBXFileReference; lastKnownFileType = image.png; name = uup.png; path = Images/PartyLogos/uup.png; sourceTree = "<group>"; };
		07E0F0071D4A12FB0013B5B7 /* politicsni copy.png */ = {isa = PBXFileReference; lastKnownFileType = image.png; name = "politicsni copy.png"; path = "Images/politicsni copy.png"; sourceTree = "<group>"; };
		07EAF6361D475D6B007A2208 /* CoreLocation.framework */ = {isa = PBXFileReference; lastKnownFileType = wrapper.framework; name = CoreLocation.framework; path = System/Library/Frameworks/CoreLocation.framework; sourceTree = SDKROOT; };
		07EAF6381D47919C007A2208 /* LandingPageViewController.swift */ = {isa = PBXFileReference; fileEncoding = 4; lastKnownFileType = sourcecode.swift; path = LandingPageViewController.swift; sourceTree = "<group>"; };
		07F401CD1D48A5E90007384A /* myIssues.png */ = {isa = PBXFileReference; lastKnownFileType = image.png; name = myIssues.png; path = Images/myIssues.png; sourceTree = "<group>"; };
		07F401CE1D48A5E90007384A /* myPolitics */ = {isa = PBXFileReference; lastKnownFileType = file; name = myPolitics; path = Images/myPolitics; sourceTree = "<group>"; };
		07F401CF1D48A5E90007384A /* parties.png */ = {isa = PBXFileReference; lastKnownFileType = image.png; name = parties.png; path = Images/parties.png; sourceTree = "<group>"; };
		07F401D31D48A7DD0007384A /* HubViewControlller.swift */ = {isa = PBXFileReference; fileEncoding = 4; lastKnownFileType = sourcecode.swift; path = HubViewControlller.swift; sourceTree = "<group>"; };
		07F401D61D48B9170007384A /* Politics NI-Bridging-Header.h */ = {isa = PBXFileReference; lastKnownFileType = sourcecode.c.h; path = "Politics NI-Bridging-Header.h"; sourceTree = "<group>"; };
		07F401D71D48B9180007384A /* SWRevealViewController.h */ = {isa = PBXFileReference; fileEncoding = 4; lastKnownFileType = sourcecode.c.h; name = SWRevealViewController.h; path = "../../Downloads/SWRevealViewController-master/SWRevealViewController/SWRevealViewController.h"; sourceTree = "<group>"; };
		07F401D81D48B9180007384A /* SWRevealViewController.m */ = {isa = PBXFileReference; fileEncoding = 4; lastKnownFileType = sourcecode.c.objc; name = SWRevealViewController.m; path = "../../Downloads/SWRevealViewController-master/SWRevealViewController/SWRevealViewController.m"; sourceTree = "<group>"; };
		07F401DC1D48E6F20007384A /* userUtility.swift */ = {isa = PBXFileReference; fileEncoding = 4; lastKnownFileType = sourcecode.swift; path = userUtility.swift; sourceTree = "<group>"; };
		07F401DE1D4907120007384A /* SideMenuTableViewController.swift */ = {isa = PBXFileReference; fileEncoding = 4; lastKnownFileType = sourcecode.swift; path = SideMenuTableViewController.swift; sourceTree = "<group>"; };
		56CEBB80F2990F497E9FF87C /* Pods-Politics NI.debug.xcconfig */ = {isa = PBXFileReference; includeInIndex = 1; lastKnownFileType = text.xcconfig; name = "Pods-Politics NI.debug.xcconfig"; path = "Pods/Target Support Files/Pods-Politics NI/Pods-Politics NI.debug.xcconfig"; sourceTree = "<group>"; };
		A2FF61639C63311AF561F235 /* Pods_Politics_NI.framework */ = {isa = PBXFileReference; explicitFileType = wrapper.framework; includeInIndex = 0; path = Pods_Politics_NI.framework; sourceTree = BUILT_PRODUCTS_DIR; };
		B528CF04131D3C2E3181221D /* Pods-Politics NI.release.xcconfig */ = {isa = PBXFileReference; includeInIndex = 1; lastKnownFileType = text.xcconfig; name = "Pods-Politics NI.release.xcconfig"; path = "Pods/Target Support Files/Pods-Politics NI/Pods-Politics NI.release.xcconfig"; sourceTree = "<group>"; };
/* End PBXFileReference section */

/* Begin PBXFrameworksBuildPhase section */
		079EA8B51D3FA78D000570B2 /* Frameworks */ = {
			isa = PBXFrameworksBuildPhase;
			buildActionMask = 2147483647;
			files = (
				07EAF6371D475D6B007A2208 /* CoreLocation.framework in Frameworks */,
				079EA8D61D3FC955000570B2 /* SwiftyJSON.framework in Frameworks */,
				0A5FAFA8909D6940CEF7F1D6 /* Pods_Politics_NI.framework in Frameworks */,
			);
			runOnlyForDeploymentPostprocessing = 0;
		};
/* End PBXFrameworksBuildPhase section */

/* Begin PBXGroup section */
		0716B8A11D5B241F002F8F1D /* UIScrollView */ = {
			isa = PBXGroup;
			children = (
				0716B89E1D5B2382002F8F1D /* UIScrollView+EmptyDataSet.h */,
				0716B89F1D5B2382002F8F1D /* UIScrollView+EmptyDataSet.m */,
			);
			name = UIScrollView;
			sourceTree = "<group>";
		};
		07211A2D1D50990D00C502D3 /* My Issues */ = {
			isa = PBXGroup;
			children = (
				07211A2E1D50ACE400C502D3 /* UserResponseViewController.swift */,
				07211A301D50AFDA00C502D3 /* IssuesHubTableViewController.swift */,
				071F343E1D51DCCC000400F7 /* SelectIssuesTableViewController.swift */,
				071F34401D51DE73000400F7 /* IssuesCellViewController.swift */,
				0719DF3E1D53677B00C1C55B /* PartyEvaluationViewController.swift */,
				0719DF401D53687A00C1C55B /* PartyEvalCellViewController.swift */,
				07A90F551D5A033500D4B7E4 /* RespondPartyIssuesCellViewController.swift */,
				07A90F571D5A03E800D4B7E4 /* RespondPartyIssueTableViewController.swift */,
				07A90F591D5A0B8300D4B7E4 /* RespondPartyViewsTableViewController.swift */,
				07A90F5B1D5A0BC700D4B7E4 /* RespondPartyViewsCellViewController.swift */,
			);
			name = "My Issues";
			sourceTree = "<group>";
		};
		0741AD801D4B626E009CDABF /* My Politics */ = {
			isa = PBXGroup;
			children = (
				076516941D4111A200E4C04E /* PolTableViewController.swift */,
				07B8253C1D411F3400E20DD4 /* PolCellViewController.swift */,
				07DE60581D439C2300AAAC37 /* PoliticianProfileViewController.swift */,
				0741AD831D4B6576009CDABF /* PolTwitterViewController.swift */,
			);
			name = "My Politics";
			sourceTree = "<group>";
		};
		0741AD811D4B62A4009CDABF /* Account Management */ = {
			isa = PBXGroup;
			children = (
				07DDA56C1D463E120001B507 /* RegisterViewController.swift */,
				07EAF6381D47919C007A2208 /* LandingPageViewController.swift */,
				07F401D31D48A7DD0007384A /* HubViewControlller.swift */,
				07F401DE1D4907120007384A /* SideMenuTableViewController.swift */,
				074B466F1D4E7A20004F9C0E /* EditDetailsViewController.swift */,
				0716B8A21D5B33DD002F8F1D /* ResetPasswordController.swift */,
			);
			name = "Account Management";
			sourceTree = "<group>";
		};
		0741AD821D4B62B5009CDABF /* Party */ = {
			isa = PBXGroup;
			children = (
				07E0EFEC1D49F75C0013B5B7 /* PartyProfileVIewController.swift */,
				07E0EFF01D49FBFD0013B5B7 /* PartyCellViewController.swift */,
				07E0EFF21D49FC390013B5B7 /* PartyTableViewController.swift */,
				0741AD851D4B862D009CDABF /* PartyTwitterViewController.swift */,
				07A4E2E61D4F736D00523B3E /* PartyIssuesViewController.swift */,
				07A4E2EC1D4F7C5900523B3E /* PartyIssuesCellViewController.swift */,
			);
			name = Party;
			sourceTree = "<group>";
		};
		0757BC891D43A7B2005D16B3 /* images */ = {
			isa = PBXGroup;
			children = (
				077981F01D4A1731008B6417 /* email.png */,
				07E0F0071D4A12FB0013B5B7 /* politicsni copy.png */,
				07E0EFEA1D49F5E90013B5B7 /* webIcon */,
				07F401CD1D48A5E90007384A /* myIssues.png */,
				07F401CE1D48A5E90007384A /* myPolitics */,
				07F401CF1D48A5E90007384A /* parties.png */,
				07DDA56A1D4625A60001B507 /* passwordIcon.png */,
				07DDA5681D4624410001B507 /* locationIcon.png */,
				07DDA5661D4623E70001B507 /* genderIcon.png */,
				07DDA5641D46230C0001B507 /* birthdayIcon.png */,
				07DDA5621D4621D40001B507 /* nameIcon.png */,
				07DDA5601D461E310001B507 /* politicsni.png */,
				0757BC8F1D43AADE005D16B3 /* phoneIcon */,
				0757BC8D1D43A9EA005D16B3 /* emailIcon.png */,
			);
			name = images;
			sourceTree = "<group>";
		};
		0757BC8A1D43A7DE005D16B3 /* Models */ = {
			isa = PBXGroup;
			children = (
				079EA8CF1D3FB1AB000570B2 /* Party.swift */,
				079EA8CD1D3FA7A3000570B2 /* Politician.swift */,
				07DDA55E1D4617CF0001B507 /* User.swift */,
				07A4E2E81D4F754300523B3E /* Issue.swift */,
				07A4E2EA1D4F75C600523B3E /* PartyView.swift */,
				078C626B1D536F65003CA96F /* PartyEval.swift */,
			);
			name = Models;
			sourceTree = "<group>";
		};
		0757BC8B1D43A7EE005D16B3 /* View Controllers */ = {
			isa = PBXGroup;
			children = (
				07211A2D1D50990D00C502D3 /* My Issues */,
				0741AD821D4B62B5009CDABF /* Party */,
				0741AD801D4B626E009CDABF /* My Politics */,
				0741AD811D4B62A4009CDABF /* Account Management */,
			);
			name = "View Controllers";
			sourceTree = "<group>";
		};
		0757BC8C1D43A7FF005D16B3 /* Utility Classes */ = {
			isa = PBXGroup;
			children = (
				079EA8D31D3FC8BB000570B2 /* DatabaseUtility.swift */,
				07F401DC1D48E6F20007384A /* userUtility.swift */,
			);
			name = "Utility Classes";
			sourceTree = "<group>";
		};
		079EA8AF1D3FA78D000570B2 = {
			isa = PBXGroup;
			children = (
				07F401D61D48B9170007384A /* Politics NI-Bridging-Header.h */,
				0716B8A11D5B241F002F8F1D /* UIScrollView */,
				07F401D51D48B8FB0007384A /* SWRevealViewController */,
				0727682B1D42301900FA9821 /* Default-568h@2x.png */,
				079EA8BA1D3FA78D000570B2 /* Politics NI */,
				079EA8B91D3FA78D000570B2 /* Products */,
				720C82D250EA104B5D62F840 /* Pods */,
				A562A23B3C48DADBF9E5B18D /* Frameworks */,
			);
			sourceTree = "<group>";
		};
		079EA8B91D3FA78D000570B2 /* Products */ = {
			isa = PBXGroup;
			children = (
				079EA8B81D3FA78D000570B2 /* Politics NI.app */,
			);
			name = Products;
			sourceTree = "<group>";
		};
		079EA8BA1D3FA78D000570B2 /* Politics NI */ = {
			isa = PBXGroup;
			children = (
				07DDA56F1D46562C0001B507 /* GoogleService-Info.plist */,
				0757BC8C1D43A7FF005D16B3 /* Utility Classes */,
				0757BC8B1D43A7EE005D16B3 /* View Controllers */,
				0757BC8A1D43A7DE005D16B3 /* Models */,
				0757BC891D43A7B2005D16B3 /* images */,
				079EA8BB1D3FA78D000570B2 /* AppDelegate.swift */,
				078C02431D44F7A400FBBF81 /* Main.storyboard */,
				079EA8C21D3FA78D000570B2 /* Assets.xcassets */,
				07E0EFF41D4A04870013B5B7 /* alliance.png */,
				07E0EFF51D4A04870013B5B7 /* dup.png */,
				07E0EFF61D4A04870013B5B7 /* green.png */,
				07E0EFF71D4A04870013B5B7 /* Independent.png */,
				07E0EFF81D4A04870013B5B7 /* pbp.png */,
				07E0EFF91D4A04870013B5B7 /* sdlp.png */,
				07E0EFFA1D4A04870013B5B7 /* sf.png */,
				07E0EFFB1D4A04870013B5B7 /* tuv.png */,
				07E0EFFC1D4A04870013B5B7 /* uup.png */,
				079EA8C41D3FA78D000570B2 /* LaunchScreen.storyboard */,
				079EA8C71D3FA78D000570B2 /* Info.plist */,
			);
			path = "Politics NI";
			sourceTree = "<group>";
		};
		07F401D51D48B8FB0007384A /* SWRevealViewController */ = {
			isa = PBXGroup;
			children = (
				07F401D71D48B9180007384A /* SWRevealViewController.h */,
				07F401D81D48B9180007384A /* SWRevealViewController.m */,
			);
			name = SWRevealViewController;
			sourceTree = "<group>";
		};
		720C82D250EA104B5D62F840 /* Pods */ = {
			isa = PBXGroup;
			children = (
				56CEBB80F2990F497E9FF87C /* Pods-Politics NI.debug.xcconfig */,
				B528CF04131D3C2E3181221D /* Pods-Politics NI.release.xcconfig */,
			);
			name = Pods;
			sourceTree = "<group>";
		};
		A562A23B3C48DADBF9E5B18D /* Frameworks */ = {
			isa = PBXGroup;
			children = (
				07EAF6361D475D6B007A2208 /* CoreLocation.framework */,
				079EA8D51D3FC955000570B2 /* SwiftyJSON.framework */,
				A2FF61639C63311AF561F235 /* Pods_Politics_NI.framework */,
			);
			name = Frameworks;
			sourceTree = "<group>";
		};
/* End PBXGroup section */

/* Begin PBXNativeTarget section */
		079EA8B71D3FA78D000570B2 /* Politics NI */ = {
			isa = PBXNativeTarget;
			buildConfigurationList = 079EA8CA1D3FA78D000570B2 /* Build configuration list for PBXNativeTarget "Politics NI" */;
			buildPhases = (
				1308D6271E112A77840E7495 /* [CP] Check Pods Manifest.lock */,
				079EA8B41D3FA78D000570B2 /* Sources */,
				079EA8B51D3FA78D000570B2 /* Frameworks */,
				079EA8B61D3FA78D000570B2 /* Resources */,
				3237F3083F3F1752F496A2A6 /* [CP] Embed Pods Frameworks */,
				CD2C56218499278333A5D82C /* [CP] Copy Pods Resources */,
				078C02461D4524EF00FBBF81 /* Run Script */,
			);
			buildRules = (
			);
			dependencies = (
			);
			name = "Politics NI";
			productName = "Politics NI";
			productReference = 079EA8B81D3FA78D000570B2 /* Politics NI.app */;
			productType = "com.apple.product-type.application";
		};
/* End PBXNativeTarget section */

/* Begin PBXProject section */
		079EA8B01D3FA78D000570B2 /* Project object */ = {
			isa = PBXProject;
			attributes = {
				LastSwiftUpdateCheck = 0730;
				LastUpgradeCheck = 0730;
				ORGANIZATIONNAME = "App Camp";
				TargetAttributes = {
					079EA8B71D3FA78D000570B2 = {
						CreatedOnToolsVersion = 7.3.1;
						DevelopmentTeam = F6EFGE68F7;
					};
				};
			};
			buildConfigurationList = 079EA8B31D3FA78D000570B2 /* Build configuration list for PBXProject "Politics NI" */;
			compatibilityVersion = "Xcode 3.2";
			developmentRegion = English;
			hasScannedForEncodings = 0;
			knownRegions = (
				en,
				Base,
			);
			mainGroup = 079EA8AF1D3FA78D000570B2;
			productRefGroup = 079EA8B91D3FA78D000570B2 /* Products */;
			projectDirPath = "";
			projectRoot = "";
			targets = (
				079EA8B71D3FA78D000570B2 /* Politics NI */,
			);
		};
/* End PBXProject section */

/* Begin PBXResourcesBuildPhase section */
		079EA8B61D3FA78D000570B2 /* Resources */ = {
			isa = PBXResourcesBuildPhase;
			buildActionMask = 2147483647;
			files = (
				07F401D21D48A5E90007384A /* parties.png in Resources */,
				078C02451D44F7A400FBBF81 /* Main.storyboard in Resources */,
				07E0F0031D4A04870013B5B7 /* sf.png in Resources */,
				0757BC8E1D43A9EA005D16B3 /* emailIcon.png in Resources */,
				07DDA5651D46230C0001B507 /* birthdayIcon.png in Resources */,
				07F401D01D48A5E90007384A /* myIssues.png in Resources */,
				07E0EFEB1D49F5E90013B5B7 /* webIcon in Resources */,
				07DDA5611D461E310001B507 /* politicsni.png in Resources */,
				07DDA5631D4621D40001B507 /* nameIcon.png in Resources */,
				07E0EFFD1D4A04870013B5B7 /* alliance.png in Resources */,
				07E0F0041D4A04870013B5B7 /* tuv.png in Resources */,
				07E0F0001D4A04870013B5B7 /* Independent.png in Resources */,
				07E0F0021D4A04870013B5B7 /* sdlp.png in Resources */,
				07E0F0011D4A04870013B5B7 /* pbp.png in Resources */,
				079EA8C61D3FA78D000570B2 /* LaunchScreen.storyboard in Resources */,
				0727682C1D42301900FA9821 /* Default-568h@2x.png in Resources */,
				07DDA5701D46562C0001B507 /* GoogleService-Info.plist in Resources */,
				07F401D11D48A5E90007384A /* myPolitics in Resources */,
				07E0F0051D4A04870013B5B7 /* uup.png in Resources */,
				07E0EFFE1D4A04870013B5B7 /* dup.png in Resources */,
				077981F11D4A1731008B6417 /* email.png in Resources */,
				0757BC901D43AADE005D16B3 /* phoneIcon in Resources */,
				07DDA5691D4624410001B507 /* locationIcon.png in Resources */,
				079EA8C31D3FA78D000570B2 /* Assets.xcassets in Resources */,
				07E0F0081D4A12FB0013B5B7 /* politicsni copy.png in Resources */,
				07E0EFFF1D4A04870013B5B7 /* green.png in Resources */,
				07DDA5671D4623E70001B507 /* genderIcon.png in Resources */,
				07DDA56B1D4625A60001B507 /* passwordIcon.png in Resources */,
			);
			runOnlyForDeploymentPostprocessing = 0;
		};
/* End PBXResourcesBuildPhase section */

/* Begin PBXShellScriptBuildPhase section */
		078C02461D4524EF00FBBF81 /* Run Script */ = {
			isa = PBXShellScriptBuildPhase;
			buildActionMask = 2147483647;
			files = (
			);
			inputPaths = (
			);
			name = "Run Script";
			outputPaths = (
			);
			runOnlyForDeploymentPostprocessing = 0;
			shellPath = /bin/sh;
			shellScript = "\"${PODS_ROOT}/Fabric/run\" ee203f49deb3e6ee60263dc80eb6289589ed084b a67893daa3ec1cc0fcad880934d29dc0f2e07b472ddd8e9927efc3fe19eca366";
		};
		1308D6271E112A77840E7495 /* [CP] Check Pods Manifest.lock */ = {
			isa = PBXShellScriptBuildPhase;
			buildActionMask = 2147483647;
			files = (
			);
			inputPaths = (
			);
			name = "[CP] Check Pods Manifest.lock";
			outputPaths = (
			);
			runOnlyForDeploymentPostprocessing = 0;
			shellPath = /bin/sh;
			shellScript = "diff \"${PODS_ROOT}/../Podfile.lock\" \"${PODS_ROOT}/Manifest.lock\" > /dev/null\nif [[ $? != 0 ]] ; then\n    cat << EOM\nerror: The sandbox is not in sync with the Podfile.lock. Run 'pod install' or update your CocoaPods installation.\nEOM\n    exit 1\nfi\n";
			showEnvVarsInLog = 0;
		};
		3237F3083F3F1752F496A2A6 /* [CP] Embed Pods Frameworks */ = {
			isa = PBXShellScriptBuildPhase;
			buildActionMask = 2147483647;
			files = (
			);
			inputPaths = (
			);
			name = "[CP] Embed Pods Frameworks";
			outputPaths = (
			);
			runOnlyForDeploymentPostprocessing = 0;
			shellPath = /bin/sh;
			shellScript = "\"${SRCROOT}/Pods/Target Support Files/Pods-Politics NI/Pods-Politics NI-frameworks.sh\"\n";
			showEnvVarsInLog = 0;
		};
		CD2C56218499278333A5D82C /* [CP] Copy Pods Resources */ = {
			isa = PBXShellScriptBuildPhase;
			buildActionMask = 2147483647;
			files = (
			);
			inputPaths = (
			);
			name = "[CP] Copy Pods Resources";
			outputPaths = (
			);
			runOnlyForDeploymentPostprocessing = 0;
			shellPath = /bin/sh;
			shellScript = "\"${SRCROOT}/Pods/Target Support Files/Pods-Politics NI/Pods-Politics NI-resources.sh\"\n";
			showEnvVarsInLog = 0;
		};
/* End PBXShellScriptBuildPhase section */

/* Begin PBXSourcesBuildPhase section */
		079EA8B41D3FA78D000570B2 /* Sources */ = {
			isa = PBXSourcesBuildPhase;
			buildActionMask = 2147483647;
			files = (
				07E0EFF31D49FC390013B5B7 /* PartyTableViewController.swift in Sources */,
				07F401D91D48B9180007384A /* SWRevealViewController.m in Sources */,
				07B8253D1D411F3400E20DD4 /* PolCellViewController.swift in Sources */,
				07211A311D50AFDA00C502D3 /* IssuesHubTableViewController.swift in Sources */,
				0716B8A31D5B33DD002F8F1D /* ResetPasswordController.swift in Sources */,
				07F401D41D48A7DD0007384A /* HubViewControlller.swift in Sources */,
				07A4E2ED1D4F7C5900523B3E /* PartyIssuesCellViewController.swift in Sources */,
				07DDA56D1D463E120001B507 /* RegisterViewController.swift in Sources */,
				0741AD841D4B6576009CDABF /* PolTwitterViewController.swift in Sources */,
				071F34411D51DE73000400F7 /* IssuesCellViewController.swift in Sources */,
				07A90F5C1D5A0BC700D4B7E4 /* RespondPartyViewsCellViewController.swift in Sources */,
				0719DF411D53687A00C1C55B /* PartyEvalCellViewController.swift in Sources */,
				07F401DF1D4907120007384A /* SideMenuTableViewController.swift in Sources */,
				07A90F561D5A033500D4B7E4 /* RespondPartyIssuesCellViewController.swift in Sources */,
				07DE60591D439C2300AAAC37 /* PoliticianProfileViewController.swift in Sources */,
				078C626C1D536F65003CA96F /* PartyEval.swift in Sources */,
				07A4E2E91D4F754300523B3E /* Issue.swift in Sources */,
				07211A2F1D50ACE400C502D3 /* UserResponseViewController.swift in Sources */,
				07E0EFED1D49F75C0013B5B7 /* PartyProfileVIewController.swift in Sources */,
				076516951D4111A200E4C04E /* PolTableViewController.swift in Sources */,
				079EA8D41D3FC8BB000570B2 /* DatabaseUtility.swift in Sources */,
				07F401DD1D48E6F20007384A /* userUtility.swift in Sources */,
				079EA8BC1D3FA78D000570B2 /* AppDelegate.swift in Sources */,
				07EAF6391D47919C007A2208 /* LandingPageViewController.swift in Sources */,
				071F343F1D51DCCC000400F7 /* SelectIssuesTableViewController.swift in Sources */,
				07A90F5A1D5A0B8300D4B7E4 /* RespondPartyViewsTableViewController.swift in Sources */,
				0719DF3F1D53677B00C1C55B /* PartyEvaluationViewController.swift in Sources */,
				0741AD861D4B862D009CDABF /* PartyTwitterViewController.swift in Sources */,
				07A90F581D5A03E800D4B7E4 /* RespondPartyIssueTableViewController.swift in Sources */,
				07A4E2E71D4F736D00523B3E /* PartyIssuesViewController.swift in Sources */,
				079EA8D01D3FB1AB000570B2 /* Party.swift in Sources */,
				079EA8CE1D3FA7A3000570B2 /* Politician.swift in Sources */,
				07DDA55F1D4617CF0001B507 /* User.swift in Sources */,
				07A4E2EB1D4F75C600523B3E /* PartyView.swift in Sources */,
				07E0EFF11D49FBFD0013B5B7 /* PartyCellViewController.swift in Sources */,
				0716B8A01D5B2382002F8F1D /* UIScrollView+EmptyDataSet.m in Sources */,
				074B46701D4E7A20004F9C0E /* EditDetailsViewController.swift in Sources */,
			);
			runOnlyForDeploymentPostprocessing = 0;
		};
/* End PBXSourcesBuildPhase section */

/* Begin PBXVariantGroup section */
		078C02431D44F7A400FBBF81 /* Main.storyboard */ = {
			isa = PBXVariantGroup;
			children = (
				078C02441D44F7A400FBBF81 /* Base */,
			);
			name = Main.storyboard;
			sourceTree = "<group>";
		};
		079EA8C41D3FA78D000570B2 /* LaunchScreen.storyboard */ = {
			isa = PBXVariantGroup;
			children = (
				079EA8C51D3FA78D000570B2 /* Base */,
			);
			name = LaunchScreen.storyboard;
			sourceTree = "<group>";
		};
/* End PBXVariantGroup section */

/* Begin XCBuildConfiguration section */
		079EA8C81D3FA78D000570B2 /* Debug */ = {
			isa = XCBuildConfiguration;
			buildSettings = {
				ALWAYS_SEARCH_USER_PATHS = NO;
				CLANG_ANALYZER_NONNULL = YES;
				CLANG_CXX_LANGUAGE_STANDARD = "gnu++0x";
				CLANG_CXX_LIBRARY = "libc++";
				CLANG_ENABLE_MODULES = YES;
				CLANG_ENABLE_OBJC_ARC = YES;
				CLANG_WARN_BOOL_CONVERSION = YES;
				CLANG_WARN_CONSTANT_CONVERSION = YES;
				CLANG_WARN_DIRECT_OBJC_ISA_USAGE = YES_ERROR;
				CLANG_WARN_EMPTY_BODY = YES;
				CLANG_WARN_ENUM_CONVERSION = YES;
				CLANG_WARN_INT_CONVERSION = YES;
				CLANG_WARN_OBJC_ROOT_CLASS = YES_ERROR;
				CLANG_WARN_UNREACHABLE_CODE = YES;
				CLANG_WARN__DUPLICATE_METHOD_MATCH = YES;
				"CODE_SIGN_IDENTITY[sdk=iphoneos*]" = "iPhone Developer";
				COPY_PHASE_STRIP = NO;
				DEBUG_INFORMATION_FORMAT = dwarf;
				ENABLE_STRICT_OBJC_MSGSEND = YES;
				ENABLE_TESTABILITY = YES;
				GCC_C_LANGUAGE_STANDARD = gnu99;
				GCC_DYNAMIC_NO_PIC = NO;
				GCC_NO_COMMON_BLOCKS = YES;
				GCC_OPTIMIZATION_LEVEL = 0;
				GCC_PREPROCESSOR_DEFINITIONS = (
					"DEBUG=1",
					"$(inherited)",
				);
				GCC_WARN_64_TO_32_BIT_CONVERSION = YES;
				GCC_WARN_ABOUT_RETURN_TYPE = YES_ERROR;
				GCC_WARN_UNDECLARED_SELECTOR = YES;
				GCC_WARN_UNINITIALIZED_AUTOS = YES_AGGRESSIVE;
				GCC_WARN_UNUSED_FUNCTION = YES;
				GCC_WARN_UNUSED_VARIABLE = YES;
				IPHONEOS_DEPLOYMENT_TARGET = 9.3;
				MTL_ENABLE_DEBUG_INFO = YES;
				ONLY_ACTIVE_ARCH = YES;
				SDKROOT = iphoneos;
				SWIFT_OPTIMIZATION_LEVEL = "-Onone";
				TARGETED_DEVICE_FAMILY = "1,2";
			};
			name = Debug;
		};
		079EA8C91D3FA78D000570B2 /* Release */ = {
			isa = XCBuildConfiguration;
			buildSettings = {
				ALWAYS_SEARCH_USER_PATHS = NO;
				CLANG_ANALYZER_NONNULL = YES;
				CLANG_CXX_LANGUAGE_STANDARD = "gnu++0x";
				CLANG_CXX_LIBRARY = "libc++";
				CLANG_ENABLE_MODULES = YES;
				CLANG_ENABLE_OBJC_ARC = YES;
				CLANG_WARN_BOOL_CONVERSION = YES;
				CLANG_WARN_CONSTANT_CONVERSION = YES;
				CLANG_WARN_DIRECT_OBJC_ISA_USAGE = YES_ERROR;
				CLANG_WARN_EMPTY_BODY = YES;
				CLANG_WARN_ENUM_CONVERSION = YES;
				CLANG_WARN_INT_CONVERSION = YES;
				CLANG_WARN_OBJC_ROOT_CLASS = YES_ERROR;
				CLANG_WARN_UNREACHABLE_CODE = YES;
				CLANG_WARN__DUPLICATE_METHOD_MATCH = YES;
				"CODE_SIGN_IDENTITY[sdk=iphoneos*]" = "iPhone Developer";
				COPY_PHASE_STRIP = NO;
				DEBUG_INFORMATION_FORMAT = "dwarf-with-dsym";
				ENABLE_NS_ASSERTIONS = NO;
				ENABLE_STRICT_OBJC_MSGSEND = YES;
				GCC_C_LANGUAGE_STANDARD = gnu99;
				GCC_NO_COMMON_BLOCKS = YES;
				GCC_WARN_64_TO_32_BIT_CONVERSION = YES;
				GCC_WARN_ABOUT_RETURN_TYPE = YES_ERROR;
				GCC_WARN_UNDECLARED_SELECTOR = YES;
				GCC_WARN_UNINITIALIZED_AUTOS = YES_AGGRESSIVE;
				GCC_WARN_UNUSED_FUNCTION = YES;
				GCC_WARN_UNUSED_VARIABLE = YES;
				IPHONEOS_DEPLOYMENT_TARGET = 9.3;
				MTL_ENABLE_DEBUG_INFO = NO;
				SDKROOT = iphoneos;
				TARGETED_DEVICE_FAMILY = "1,2";
				VALIDATE_PRODUCT = YES;
			};
			name = Release;
		};
		079EA8CB1D3FA78D000570B2 /* Debug */ = {
			isa = XCBuildConfiguration;
			baseConfigurationReference = 56CEBB80F2990F497E9FF87C /* Pods-Politics NI.debug.xcconfig */;
			buildSettings = {
				ASSETCATALOG_COMPILER_APPICON_NAME = AppIcon;
				CLANG_ENABLE_MODULES = YES;
				CODE_SIGN_IDENTITY = "iPhone Developer";
				"CODE_SIGN_IDENTITY[sdk=iphoneos*]" = "iPhone Developer";
				INFOPLIST_FILE = "Politics NI/Info.plist";
				IPHONEOS_DEPLOYMENT_TARGET = 9.3;
				LD_RUNPATH_SEARCH_PATHS = "$(inherited) @executable_path/Frameworks";
				PRODUCT_BUNDLE_IDENTIFIER = "com.AppCamp.Politics-NI";
				PRODUCT_NAME = "$(TARGET_NAME)";
				PROVISIONING_PROFILE = "";
				SWIFT_OBJC_BRIDGING_HEADER = "Politics NI-Bridging-Header.h";
				SWIFT_OPTIMIZATION_LEVEL = "-Onone";
			};
			name = Debug;
		};
		079EA8CC1D3FA78D000570B2 /* Release */ = {
			isa = XCBuildConfiguration;
			baseConfigurationReference = B528CF04131D3C2E3181221D /* Pods-Politics NI.release.xcconfig */;
			buildSettings = {
				ASSETCATALOG_COMPILER_APPICON_NAME = AppIcon;
				CLANG_ENABLE_MODULES = YES;
				CODE_SIGN_IDENTITY = "iPhone Developer";
				"CODE_SIGN_IDENTITY[sdk=iphoneos*]" = "iPhone Developer";
				INFOPLIST_FILE = "Politics NI/Info.plist";
				IPHONEOS_DEPLOYMENT_TARGET = 9.3;
				LD_RUNPATH_SEARCH_PATHS = "$(inherited) @executable_path/Frameworks";
				PRODUCT_BUNDLE_IDENTIFIER = "com.AppCamp.Politics-NI";
				PRODUCT_NAME = "$(TARGET_NAME)";
				PROVISIONING_PROFILE = "";
				SWIFT_OBJC_BRIDGING_HEADER = "Politics NI-Bridging-Header.h";
			};
			name = Release;
		};
/* End XCBuildConfiguration section */

/* Begin XCConfigurationList section */
		079EA8B31D3FA78D000570B2 /* Build configuration list for PBXProject "Politics NI" */ = {
			isa = XCConfigurationList;
			buildConfigurations = (
				079EA8C81D3FA78D000570B2 /* Debug */,
				079EA8C91D3FA78D000570B2 /* Release */,
			);
			defaultConfigurationIsVisible = 0;
			defaultConfigurationName = Release;
		};
		079EA8CA1D3FA78D000570B2 /* Build configuration list for PBXNativeTarget "Politics NI" */ = {
			isa = XCConfigurationList;
			buildConfigurations = (
				079EA8CB1D3FA78D000570B2 /* Debug */,
				079EA8CC1D3FA78D000570B2 /* Release */,
			);
			defaultConfigurationIsVisible = 0;
			defaultConfigurationName = Release;
		};
/* End XCConfigurationList section */
	};
	rootObject = 079EA8B01D3FA78D000570B2 /* Project object */;
}
