// !$*UTF8*$!
{
	archiveVersion = 1;
	classes = {
	};
	objectVersion = 46;
	objects = {

/* Begin PBXBuildFile section */
		079EA8BC1D3FA78D000570B2 /* AppDelegate.swift in Sources */ = {isa = PBXBuildFile; fileRef = 079EA8BB1D3FA78D000570B2 /* AppDelegate.swift */; };
		079EA8BE1D3FA78D000570B2 /* ViewController.swift in Sources */ = {isa = PBXBuildFile; fileRef = 079EA8BD1D3FA78D000570B2 /* ViewController.swift */; };
		079EA8C11D3FA78D000570B2 /* Main.storyboard in Resources */ = {isa = PBXBuildFile; fileRef = 079EA8BF1D3FA78D000570B2 /* Main.storyboard */; };
		079EA8C31D3FA78D000570B2 /* Assets.xcassets in Resources */ = {isa = PBXBuildFile; fileRef = 079EA8C21D3FA78D000570B2 /* Assets.xcassets */; };
		079EA8C61D3FA78D000570B2 /* LaunchScreen.storyboard in Resources */ = {isa = PBXBuildFile; fileRef = 079EA8C41D3FA78D000570B2 /* LaunchScreen.storyboard */; };
/* End PBXBuildFile section */

/* Begin PBXFileReference section */
		079EA8B81D3FA78D000570B2 /* Politics NI.app */ = {isa = PBXFileReference; explicitFileType = wrapper.application; includeInIndex = 0; path = "Politics NI.app"; sourceTree = BUILT_PRODUCTS_DIR; };
		079EA8BB1D3FA78D000570B2 /* AppDelegate.swift */ = {isa = PBXFileReference; lastKnownFileType = sourcecode.swift; path = AppDelegate.swift; sourceTree = "<group>"; };
		079EA8BD1D3FA78D000570B2 /* ViewController.swift */ = {isa = PBXFileReference; lastKnownFileType = sourcecode.swift; path = ViewController.swift; sourceTree = "<group>"; };
		079EA8C01D3FA78D000570B2 /* Base */ = {isa = PBXFileReference; lastKnownFileType = file.storyboard; name = Base; path = Base.lproj/Main.storyboard; sourceTree = "<group>"; };
		079EA8C21D3FA78D000570B2 /* Assets.xcassets */ = {isa = PBXFileReference; lastKnownFileType = folder.assetcatalog; path = Assets.xcassets; sourceTree = "<group>"; };
		079EA8C51D3FA78D000570B2 /* Base */ = {isa = PBXFileReference; lastKnownFileType = file.storyboard; name = Base; path = Base.lproj/LaunchScreen.storyboard; sourceTree = "<group>"; };
		079EA8C71D3FA78D000570B2 /* Info.plist */ = {isa = PBXFileReference; lastKnownFileType = text.plist.xml; path = Info.plist; sourceTree = "<group>"; };
/* End PBXFileReference section */

/* Begin PBXFrameworksBuildPhase section */
		079EA8B51D3FA78D000570B2 /* Frameworks */ = {
			isa = PBXFrameworksBuildPhase;
			buildActionMask = 2147483647;
			files = (
			);
			runOnlyForDeploymentPostprocessing = 0;
		};
/* End PBXFrameworksBuildPhase section */

/* Begin PBXGroup section */
		079EA8AF1D3FA78D000570B2 = {
			isa = PBXGroup;
			children = (
				079EA8BA1D3FA78D000570B2 /* Politics NI */,
				079EA8B91D3FA78D000570B2 /* Products */,
			);
			sourceTree = "<group>";
		};
		079EA8B91D3FA78D000570B2 /* Products */ = {
			isa = PBXGroup;
			children = (
				079EA8B81D3FA78D000570B2 /* Politics NI.app */,
			);
			name = Products;
			sourceTree = "<group>";
		};
		079EA8BA1D3FA78D000570B2 /* Politics NI */ = {
			isa = PBXGroup;
			children = (
				079EA8BB1D3FA78D000570B2 /* AppDelegate.swift */,
				079EA8BD1D3FA78D000570B2 /* ViewController.swift */,
				079EA8BF1D3FA78D000570B2 /* Main.storyboard */,
				079EA8C21D3FA78D000570B2 /* Assets.xcassets */,
				079EA8C41D3FA78D000570B2 /* LaunchScreen.storyboard */,
				079EA8C71D3FA78D000570B2 /* Info.plist */,
			);
			path = "Politics NI";
			sourceTree = "<group>";
		};
/* End PBXGroup section */

/* Begin PBXNativeTarget section */
		079EA8B71D3FA78D000570B2 /* Politics NI */ = {
			isa = PBXNativeTarget;
			buildConfigurationList = 079EA8CA1D3FA78D000570B2 /* Build configuration list for PBXNativeTarget "Politics NI" */;
			buildPhases = (
				079EA8B41D3FA78D000570B2 /* Sources */,
				079EA8B51D3FA78D000570B2 /* Frameworks */,
				079EA8B61D3FA78D000570B2 /* Resources */,
			);
			buildRules = (
			);
			dependencies = (
			);
			name = "Politics NI";
			productName = "Politics NI";
			productReference = 079EA8B81D3FA78D000570B2 /* Politics NI.app */;
			productType = "com.apple.product-type.application";
		};
/* End PBXNativeTarget section */

/* Begin PBXProject section */
		079EA8B01D3FA78D000570B2 /* Project object */ = {
			isa = PBXProject;
			attributes = {
				LastSwiftUpdateCheck = 0730;
				LastUpgradeCheck = 0730;
				ORGANIZATIONNAME = "App Camp";
				TargetAttributes = {
					079EA8B71D3FA78D000570B2 = {
						CreatedOnToolsVersion = 7.3.1;
					};
				};
			};
			buildConfigurationList = 079EA8B31D3FA78D000570B2 /* Build configuration list for PBXProject "Politics NI" */;
			compatibilityVersion = "Xcode 3.2";
			developmentRegion = English;
			hasScannedForEncodings = 0;
			knownRegions = (
				en,
				Base,
			);
			mainGroup = 079EA8AF1D3FA78D000570B2;
			productRefGroup = 079EA8B91D3FA78D000570B2 /* Products */;
			projectDirPath = "";
			projectRoot = "";
			targets = (
				079EA8B71D3FA78D000570B2 /* Politics NI */,
			);
		};
/* End PBXProject section */

/* Begin PBXResourcesBuildPhase section */
		079EA8B61D3FA78D000570B2 /* Resources */ = {
			isa = PBXResourcesBuildPhase;
			buildActionMask = 2147483647;
			files = (
				079EA8C61D3FA78D000570B2 /* LaunchScreen.storyboard in Resources */,
				079EA8C31D3FA78D000570B2 /* Assets.xcassets in Resources */,
				079EA8C11D3FA78D000570B2 /* Main.storyboard in Resources */,
			);
			runOnlyForDeploymentPostprocessing = 0;
		};
/* End PBXResourcesBuildPhase section */

/* Begin PBXSourcesBuildPhase section */
		079EA8B41D3FA78D000570B2 /* Sources */ = {
			isa = PBXSourcesBuildPhase;
			buildActionMask = 2147483647;
			files = (
				079EA8BE1D3FA78D000570B2 /* ViewController.swift in Sources */,
				079EA8BC1D3FA78D000570B2 /* AppDelegate.swift in Sources */,
			);
			runOnlyForDeploymentPostprocessing = 0;
		};
/* End PBXSourcesBuildPhase section */

/* Begin PBXVariantGroup section */
		079EA8BF1D3FA78D000570B2 /* Main.storyboard */ = {
			isa = PBXVariantGroup;
			children = (
				079EA8C01D3FA78D000570B2 /* Base */,
			);
			name = Main.storyboard;
			sourceTree = "<group>";
		};
		079EA8C41D3FA78D000570B2 /* LaunchScreen.storyboard */ = {
			isa = PBXVariantGroup;
			children = (
				079EA8C51D3FA78D000570B2 /* Base */,
			);
			name = LaunchScreen.storyboard;
			sourceTree = "<group>";
		};
/* End PBXVariantGroup section */

/* Begin XCBuildConfiguration section */
		079EA8C81D3FA78D000570B2 /* Debug */ = {
			isa = XCBuildConfiguration;
			buildSettings = {
				ALWAYS_SEARCH_USER_PATHS = NO;
				CLANG_ANALYZER_NONNULL = YES;
				CLANG_CXX_LANGUAGE_STANDARD = "gnu++0x";
				CLANG_CXX_LIBRARY = "libc++";
				CLANG_ENABLE_MODULES = YES;
				CLANG_ENABLE_OBJC_ARC = YES;
				CLANG_WARN_BOOL_CONVERSION = YES;
				CLANG_WARN_CONSTANT_CONVERSION = YES;
				CLANG_WARN_DIRECT_OBJC_ISA_USAGE = YES_ERROR;
				CLANG_WARN_EMPTY_BODY = YES;
				CLANG_WARN_ENUM_CONVERSION = YES;
				CLANG_WARN_INT_CONVERSION = YES;
				CLANG_WARN_OBJC_ROOT_CLASS = YES_ERROR;
				CLANG_WARN_UNREACHABLE_CODE = YES;
				CLANG_WARN__DUPLICATE_METHOD_MATCH = YES;
				"CODE_SIGN_IDENTITY[sdk=iphoneos*]" = "iPhone Developer";
				COPY_PHASE_STRIP = NO;
				DEBUG_INFORMATION_FORMAT = dwarf;
				ENABLE_STRICT_OBJC_MSGSEND = YES;
				ENABLE_TESTABILITY = YES;
				GCC_C_LANGUAGE_STANDARD = gnu99;
				GCC_DYNAMIC_NO_PIC = NO;
				GCC_NO_COMMON_BLOCKS = YES;
				GCC_OPTIMIZATION_LEVEL = 0;
				GCC_PREPROCESSOR_DEFINITIONS = (
					"DEBUG=1",
					"$(inherited)",
				);
				GCC_WARN_64_TO_32_BIT_CONVERSION = YES;
				GCC_WARN_ABOUT_RETURN_TYPE = YES_ERROR;
				GCC_WARN_UNDECLARED_SELECTOR = YES;
				GCC_WARN_UNINITIALIZED_AUTOS = YES_AGGRESSIVE;
				GCC_WARN_UNUSED_FUNCTION = YES;
				GCC_WARN_UNUSED_VARIABLE = YES;
				IPHONEOS_DEPLOYMENT_TARGET = 9.3;
				MTL_ENABLE_DEBUG_INFO = YES;
				ONLY_ACTIVE_ARCH = YES;
				SDKROOT = iphoneos;
				SWIFT_OPTIMIZATION_LEVEL = "-Onone";
				TARGETED_DEVICE_FAMILY = "1,2";
			};
			name = Debug;
		};
		079EA8C91D3FA78D000570B2 /* Release */ = {
			isa = XCBuildConfiguration;
			buildSettings = {
				ALWAYS_SEARCH_USER_PATHS = NO;
				CLANG_ANALYZER_NONNULL = YES;
				CLANG_CXX_LANGUAGE_STANDARD = "gnu++0x";
				CLANG_CXX_LIBRARY = "libc++";
				CLANG_ENABLE_MODULES = YES;
				CLANG_ENABLE_OBJC_ARC = YES;
				CLANG_WARN_BOOL_CONVERSION = YES;
				CLANG_WARN_CONSTANT_CONVERSION = YES;
				CLANG_WARN_DIRECT_OBJC_ISA_USAGE = YES_ERROR;
				CLANG_WARN_EMPTY_BODY = YES;
				CLANG_WARN_ENUM_CONVERSION = YES;
				CLANG_WARN_INT_CONVERSION = YES;
				CLANG_WARN_OBJC_ROOT_CLASS = YES_ERROR;
				CLANG_WARN_UNREACHABLE_CODE = YES;
				CLANG_WARN__DUPLICATE_METHOD_MATCH = YES;
				"CODE_SIGN_IDENTITY[sdk=iphoneos*]" = "iPhone Developer";
				COPY_PHASE_STRIP = NO;
				DEBUG_INFORMATION_FORMAT = "dwarf-with-dsym";
				ENABLE_NS_ASSERTIONS = NO;
				ENABLE_STRICT_OBJC_MSGSEND = YES;
				GCC_C_LANGUAGE_STANDARD = gnu99;
				GCC_NO_COMMON_BLOCKS = YES;
				GCC_WARN_64_TO_32_BIT_CONVERSION = YES;
				GCC_WARN_ABOUT_RETURN_TYPE = YES_ERROR;
				GCC_WARN_UNDECLARED_SELECTOR = YES;
				GCC_WARN_UNINITIALIZED_AUTOS = YES_AGGRESSIVE;
				GCC_WARN_UNUSED_FUNCTION = YES;
				GCC_WARN_UNUSED_VARIABLE = YES;
				IPHONEOS_DEPLOYMENT_TARGET = 9.3;
				MTL_ENABLE_DEBUG_INFO = NO;
				SDKROOT = iphoneos;
				TARGETED_DEVICE_FAMILY = "1,2";
				VALIDATE_PRODUCT = YES;
			};
			name = Release;
		};
		079EA8CB1D3FA78D000570B2 /* Debug */ = {
			isa = XCBuildConfiguration;
			buildSettings = {
				ASSETCATALOG_COMPILER_APPICON_NAME = AppIcon;
				INFOPLIST_FILE = "Politics NI/Info.plist";
				LD_RUNPATH_SEARCH_PATHS = "$(inherited) @executable_path/Frameworks";
				PRODUCT_BUNDLE_IDENTIFIER = "com.AppCamp.Politics-NI";
				PRODUCT_NAME = "$(TARGET_NAME)";
			};
			name = Debug;
		};
		079EA8CC1D3FA78D000570B2 /* Release */ = {
			isa = XCBuildConfiguration;
			buildSettings = {
				ASSETCATALOG_COMPILER_APPICON_NAME = AppIcon;
				INFOPLIST_FILE = "Politics NI/Info.plist";
				LD_RUNPATH_SEARCH_PATHS = "$(inherited) @executable_path/Frameworks";
				PRODUCT_BUNDLE_IDENTIFIER = "com.AppCamp.Politics-NI";
				PRODUCT_NAME = "$(TARGET_NAME)";
			};
			name = Release;
		};
/* End XCBuildConfiguration section */

/* Begin XCConfigurationList section */
		079EA8B31D3FA78D000570B2 /* Build configuration list for PBXProject "Politics NI" */ = {
			isa = XCConfigurationList;
			buildConfigurations = (
				079EA8C81D3FA78D000570B2 /* Debug */,
				079EA8C91D3FA78D000570B2 /* Release */,
			);
			defaultConfigurationIsVisible = 0;
			defaultConfigurationName = Release;
		};
		079EA8CA1D3FA78D000570B2 /* Build configuration list for PBXNativeTarget "Politics NI" */ = {
			isa = XCConfigurationList;
			buildConfigurations = (
				079EA8CB1D3FA78D000570B2 /* Debug */,
				079EA8CC1D3FA78D000570B2 /* Release */,
			);
			defaultConfigurationIsVisible = 0;
		};
/* End XCConfigurationList section */
	};
	rootObject = 079EA8B01D3FA78D000570B2 /* Project object */;
}
