// !$*UTF8*$!
{
	archiveVersion = 1;
	classes = {
	};
	objectVersion = 46;
	objects = {

/* Begin PBXBuildFile section */
		0700F4501D42BA6900E52F1D /* backbutton.png in Resources */ = {isa = PBXBuildFile; fileRef = 0700F44F1D42BA6900E52F1D /* backbutton.png */; };
		0700F4521D42D15C00E52F1D /* forwardArrow.png in Resources */ = {isa = PBXBuildFile; fileRef = 0700F4511D42D15C00E52F1D /* forwardArrow.png */; };
		0727682C1D42301900FA9821 /* Default-568h@2x.png in Resources */ = {isa = PBXBuildFile; fileRef = 0727682B1D42301900FA9821 /* Default-568h@2x.png */; };
		0757BC8E1D43A9EA005D16B3 /* emailIcon.png in Resources */ = {isa = PBXBuildFile; fileRef = 0757BC8D1D43A9EA005D16B3 /* emailIcon.png */; };
		0757BC901D43AADE005D16B3 /* phoneIcon in Resources */ = {isa = PBXBuildFile; fileRef = 0757BC8F1D43AADE005D16B3 /* phoneIcon */; };
		076516951D4111A200E4C04E /* PolTableViewController.swift in Sources */ = {isa = PBXBuildFile; fileRef = 076516941D4111A200E4C04E /* PolTableViewController.swift */; };
		076D432D1D4406C300A2A69D /* GoogleService-Info.plist in Resources */ = {isa = PBXBuildFile; fileRef = 076D432C1D4406C300A2A69D /* GoogleService-Info.plist */; };
		078C02451D44F7A400FBBF81 /* Main.storyboard in Resources */ = {isa = PBXBuildFile; fileRef = 078C02431D44F7A400FBBF81 /* Main.storyboard */; };
		079EA8BC1D3FA78D000570B2 /* AppDelegate.swift in Sources */ = {isa = PBXBuildFile; fileRef = 079EA8BB1D3FA78D000570B2 /* AppDelegate.swift */; };
		079EA8BE1D3FA78D000570B2 /* ViewController.swift in Sources */ = {isa = PBXBuildFile; fileRef = 079EA8BD1D3FA78D000570B2 /* ViewController.swift */; };
		079EA8C31D3FA78D000570B2 /* Assets.xcassets in Resources */ = {isa = PBXBuildFile; fileRef = 079EA8C21D3FA78D000570B2 /* Assets.xcassets */; };
		079EA8C61D3FA78D000570B2 /* LaunchScreen.storyboard in Resources */ = {isa = PBXBuildFile; fileRef = 079EA8C41D3FA78D000570B2 /* LaunchScreen.storyboard */; };
		079EA8CE1D3FA7A3000570B2 /* Politician.swift in Sources */ = {isa = PBXBuildFile; fileRef = 079EA8CD1D3FA7A3000570B2 /* Politician.swift */; };
		079EA8D01D3FB1AB000570B2 /* Party.swift in Sources */ = {isa = PBXBuildFile; fileRef = 079EA8CF1D3FB1AB000570B2 /* Party.swift */; };
		079EA8D21D3FB233000570B2 /* Minister.swift in Sources */ = {isa = PBXBuildFile; fileRef = 079EA8D11D3FB233000570B2 /* Minister.swift */; };
		079EA8D41D3FC8BB000570B2 /* DatabaseUtility.swift in Sources */ = {isa = PBXBuildFile; fileRef = 079EA8D31D3FC8BB000570B2 /* DatabaseUtility.swift */; };
		079EA8D61D3FC955000570B2 /* SwiftyJSON.framework in Frameworks */ = {isa = PBXBuildFile; fileRef = 079EA8D51D3FC955000570B2 /* SwiftyJSON.framework */; };
		07B8253D1D411F3400E20DD4 /* PolCellViewController.swift in Sources */ = {isa = PBXBuildFile; fileRef = 07B8253C1D411F3400E20DD4 /* PolCellViewController.swift */; };
		07DE60591D439C2300AAAC37 /* PoliticianProfileViewController.swift in Sources */ = {isa = PBXBuildFile; fileRef = 07DE60581D439C2300AAAC37 /* PoliticianProfileViewController.swift */; };
		07DE605B1D439EB600AAAC37 /* polProfile in Resources */ = {isa = PBXBuildFile; fileRef = 07DE605A1D439EB600AAAC37 /* polProfile */; };
		0A5FAFA8909D6940CEF7F1D6 /* Pods_Politics_NI.framework in Frameworks */ = {isa = PBXBuildFile; fileRef = A2FF61639C63311AF561F235 /* Pods_Politics_NI.framework */; };
/* End PBXBuildFile section */

/* Begin PBXFileReference section */
		0700F44F1D42BA6900E52F1D /* backbutton.png */ = {isa = PBXFileReference; lastKnownFileType = image.png; path = backbutton.png; sourceTree = "<group>"; };
		0700F4511D42D15C00E52F1D /* forwardArrow.png */ = {isa = PBXFileReference; lastKnownFileType = image.png; name = forwardArrow.png; path = Images/forwardArrow.png; sourceTree = "<group>"; };
		0727682B1D42301900FA9821 /* Default-568h@2x.png */ = {isa = PBXFileReference; lastKnownFileType = image.png; path = "Default-568h@2x.png"; sourceTree = "<group>"; };
		0757BC8D1D43A9EA005D16B3 /* emailIcon.png */ = {isa = PBXFileReference; lastKnownFileType = image.png; name = emailIcon.png; path = Images/emailIcon.png; sourceTree = "<group>"; };
		0757BC8F1D43AADE005D16B3 /* phoneIcon */ = {isa = PBXFileReference; lastKnownFileType = file; name = phoneIcon; path = Images/phoneIcon; sourceTree = "<group>"; };
		076516941D4111A200E4C04E /* PolTableViewController.swift */ = {isa = PBXFileReference; fileEncoding = 4; lastKnownFileType = sourcecode.swift; path = PolTableViewController.swift; sourceTree = "<group>"; };
		076D432C1D4406C300A2A69D /* GoogleService-Info.plist */ = {isa = PBXFileReference; fileEncoding = 4; lastKnownFileType = text.plist.xml; name = "GoogleService-Info.plist"; path = "../../../Downloads/GoogleService-Info.plist"; sourceTree = "<group>"; };
		078C02441D44F7A400FBBF81 /* Base */ = {isa = PBXFileReference; lastKnownFileType = file.storyboard; name = Base; path = Base.lproj/Main.storyboard; sourceTree = "<group>"; };
		079EA8B81D3FA78D000570B2 /* Politics NI.app */ = {isa = PBXFileReference; explicitFileType = wrapper.application; includeInIndex = 0; path = "Politics NI.app"; sourceTree = BUILT_PRODUCTS_DIR; };
		079EA8BB1D3FA78D000570B2 /* AppDelegate.swift */ = {isa = PBXFileReference; lastKnownFileType = sourcecode.swift; path = AppDelegate.swift; sourceTree = "<group>"; };
		079EA8BD1D3FA78D000570B2 /* ViewController.swift */ = {isa = PBXFileReference; lastKnownFileType = sourcecode.swift; path = ViewController.swift; sourceTree = "<group>"; };
		079EA8C21D3FA78D000570B2 /* Assets.xcassets */ = {isa = PBXFileReference; lastKnownFileType = folder.assetcatalog; path = Assets.xcassets; sourceTree = "<group>"; };
		079EA8C51D3FA78D000570B2 /* Base */ = {isa = PBXFileReference; lastKnownFileType = file.storyboard; name = Base; path = Base.lproj/LaunchScreen.storyboard; sourceTree = "<group>"; };
		079EA8C71D3FA78D000570B2 /* Info.plist */ = {isa = PBXFileReference; lastKnownFileType = text.plist.xml; path = Info.plist; sourceTree = "<group>"; };
		079EA8CD1D3FA7A3000570B2 /* Politician.swift */ = {isa = PBXFileReference; fileEncoding = 4; lastKnownFileType = sourcecode.swift; path = Politician.swift; sourceTree = "<group>"; };
		079EA8CF1D3FB1AB000570B2 /* Party.swift */ = {isa = PBXFileReference; fileEncoding = 4; lastKnownFileType = sourcecode.swift; path = Party.swift; sourceTree = "<group>"; };
		079EA8D11D3FB233000570B2 /* Minister.swift */ = {isa = PBXFileReference; fileEncoding = 4; lastKnownFileType = sourcecode.swift; path = Minister.swift; sourceTree = "<group>"; };
		079EA8D31D3FC8BB000570B2 /* DatabaseUtility.swift */ = {isa = PBXFileReference; fileEncoding = 4; lastKnownFileType = sourcecode.swift; path = DatabaseUtility.swift; sourceTree = "<group>"; };
		079EA8D51D3FC955000570B2 /* SwiftyJSON.framework */ = {isa = PBXFileReference; lastKnownFileType = wrapper.framework; name = SwiftyJSON.framework; path = "../../Library/Developer/Xcode/DerivedData/Politics_NI-bcrcekjquayitoblqcfdvzfhxptr/Build/Products/Debug-iphonesimulator/SwiftyJSON/SwiftyJSON.framework"; sourceTree = "<group>"; };
		07B8253C1D411F3400E20DD4 /* PolCellViewController.swift */ = {isa = PBXFileReference; fileEncoding = 4; lastKnownFileType = sourcecode.swift; path = PolCellViewController.swift; sourceTree = "<group>"; };
		07DE60581D439C2300AAAC37 /* PoliticianProfileViewController.swift */ = {isa = PBXFileReference; fileEncoding = 4; lastKnownFileType = sourcecode.swift; path = PoliticianProfileViewController.swift; sourceTree = "<group>"; };
		07DE605A1D439EB600AAAC37 /* polProfile */ = {isa = PBXFileReference; lastKnownFileType = file; name = polProfile; path = Images/polProfile; sourceTree = "<group>"; };
		56CEBB80F2990F497E9FF87C /* Pods-Politics NI.debug.xcconfig */ = {isa = PBXFileReference; includeInIndex = 1; lastKnownFileType = text.xcconfig; name = "Pods-Politics NI.debug.xcconfig"; path = "Pods/Target Support Files/Pods-Politics NI/Pods-Politics NI.debug.xcconfig"; sourceTree = "<group>"; };
		A2FF61639C63311AF561F235 /* Pods_Politics_NI.framework */ = {isa = PBXFileReference; explicitFileType = wrapper.framework; includeInIndex = 0; path = Pods_Politics_NI.framework; sourceTree = BUILT_PRODUCTS_DIR; };
		B528CF04131D3C2E3181221D /* Pods-Politics NI.release.xcconfig */ = {isa = PBXFileReference; includeInIndex = 1; lastKnownFileType = text.xcconfig; name = "Pods-Politics NI.release.xcconfig"; path = "Pods/Target Support Files/Pods-Politics NI/Pods-Politics NI.release.xcconfig"; sourceTree = "<group>"; };
/* End PBXFileReference section */

/* Begin PBXFrameworksBuildPhase section */
		079EA8B51D3FA78D000570B2 /* Frameworks */ = {
			isa = PBXFrameworksBuildPhase;
			buildActionMask = 2147483647;
			files = (
				079EA8D61D3FC955000570B2 /* SwiftyJSON.framework in Frameworks */,
				0A5FAFA8909D6940CEF7F1D6 /* Pods_Politics_NI.framework in Frameworks */,
			);
			runOnlyForDeploymentPostprocessing = 0;
		};
/* End PBXFrameworksBuildPhase section */

/* Begin PBXGroup section */
		0757BC891D43A7B2005D16B3 /* images */ = {
			isa = PBXGroup;
			children = (
				0757BC8F1D43AADE005D16B3 /* phoneIcon */,
				0757BC8D1D43A9EA005D16B3 /* emailIcon.png */,
				0700F44F1D42BA6900E52F1D /* backbutton.png */,
				0700F4511D42D15C00E52F1D /* forwardArrow.png */,
				07DE605A1D439EB600AAAC37 /* polProfile */,
			);
			name = images;
			sourceTree = "<group>";
		};
		0757BC8A1D43A7DE005D16B3 /* Models */ = {
			isa = PBXGroup;
			children = (
				079EA8CF1D3FB1AB000570B2 /* Party.swift */,
				079EA8CD1D3FA7A3000570B2 /* Politician.swift */,
				079EA8D11D3FB233000570B2 /* Minister.swift */,
			);
			name = Models;
			sourceTree = "<group>";
		};
		0757BC8B1D43A7EE005D16B3 /* View Controllers */ = {
			isa = PBXGroup;
			children = (
				079EA8BD1D3FA78D000570B2 /* ViewController.swift */,
				076516941D4111A200E4C04E /* PolTableViewController.swift */,
				07B8253C1D411F3400E20DD4 /* PolCellViewController.swift */,
				07DE60581D439C2300AAAC37 /* PoliticianProfileViewController.swift */,
			);
			name = "View Controllers";
			sourceTree = "<group>";
		};
		0757BC8C1D43A7FF005D16B3 /* Utility Classes */ = {
			isa = PBXGroup;
			children = (
				079EA8D31D3FC8BB000570B2 /* DatabaseUtility.swift */,
			);
			name = "Utility Classes";
			sourceTree = "<group>";
		};
		079EA8AF1D3FA78D000570B2 = {
			isa = PBXGroup;
			children = (
				0727682B1D42301900FA9821 /* Default-568h@2x.png */,
				079EA8BA1D3FA78D000570B2 /* Politics NI */,
				079EA8B91D3FA78D000570B2 /* Products */,
				720C82D250EA104B5D62F840 /* Pods */,
				A562A23B3C48DADBF9E5B18D /* Frameworks */,
			);
			sourceTree = "<group>";
		};
		079EA8B91D3FA78D000570B2 /* Products */ = {
			isa = PBXGroup;
			children = (
				079EA8B81D3FA78D000570B2 /* Politics NI.app */,
			);
			name = Products;
			sourceTree = "<group>";
		};
		079EA8BA1D3FA78D000570B2 /* Politics NI */ = {
			isa = PBXGroup;
			children = (
				076D432C1D4406C300A2A69D /* GoogleService-Info.plist */,
				0757BC8C1D43A7FF005D16B3 /* Utility Classes */,
				0757BC8B1D43A7EE005D16B3 /* View Controllers */,
				0757BC8A1D43A7DE005D16B3 /* Models */,
				0757BC891D43A7B2005D16B3 /* images */,
				079EA8BB1D3FA78D000570B2 /* AppDelegate.swift */,
				078C02431D44F7A400FBBF81 /* Main.storyboard */,
				079EA8C21D3FA78D000570B2 /* Assets.xcassets */,
				079EA8C41D3FA78D000570B2 /* LaunchScreen.storyboard */,
				079EA8C71D3FA78D000570B2 /* Info.plist */,
			);
			path = "Politics NI";
			sourceTree = "<group>";
		};
		720C82D250EA104B5D62F840 /* Pods */ = {
			isa = PBXGroup;
			children = (
				56CEBB80F2990F497E9FF87C /* Pods-Politics NI.debug.xcconfig */,
				B528CF04131D3C2E3181221D /* Pods-Politics NI.release.xcconfig */,
			);
			name = Pods;
			sourceTree = "<group>";
		};
		A562A23B3C48DADBF9E5B18D /* Frameworks */ = {
			isa = PBXGroup;
			children = (
				079EA8D51D3FC955000570B2 /* SwiftyJSON.framework */,
				A2FF61639C63311AF561F235 /* Pods_Politics_NI.framework */,
			);
			name = Frameworks;
			sourceTree = "<group>";
		};
/* End PBXGroup section */

/* Begin PBXNativeTarget section */
		079EA8B71D3FA78D000570B2 /* Politics NI */ = {
			isa = PBXNativeTarget;
			buildConfigurationList = 079EA8CA1D3FA78D000570B2 /* Build configuration list for PBXNativeTarget "Politics NI" */;
			buildPhases = (
				1308D6271E112A77840E7495 /* [CP] Check Pods Manifest.lock */,
				079EA8B41D3FA78D000570B2 /* Sources */,
				079EA8B51D3FA78D000570B2 /* Frameworks */,
				079EA8B61D3FA78D000570B2 /* Resources */,
				3237F3083F3F1752F496A2A6 /* [CP] Embed Pods Frameworks */,
				CD2C56218499278333A5D82C /* [CP] Copy Pods Resources */,
				078C02461D4524EF00FBBF81 /* Run Script */,
			);
			buildRules = (
			);
			dependencies = (
			);
			name = "Politics NI";
			productName = "Politics NI";
			productReference = 079EA8B81D3FA78D000570B2 /* Politics NI.app */;
			productType = "com.apple.product-type.application";
		};
/* End PBXNativeTarget section */

/* Begin PBXProject section */
		079EA8B01D3FA78D000570B2 /* Project object */ = {
			isa = PBXProject;
			attributes = {
				LastSwiftUpdateCheck = 0730;
				LastUpgradeCheck = 0730;
				ORGANIZATIONNAME = "App Camp";
				TargetAttributes = {
					079EA8B71D3FA78D000570B2 = {
						CreatedOnToolsVersion = 7.3.1;
						DevelopmentTeam = F6EFGE68F7;
					};
				};
			};
			buildConfigurationList = 079EA8B31D3FA78D000570B2 /* Build configuration list for PBXProject "Politics NI" */;
			compatibilityVersion = "Xcode 3.2";
			developmentRegion = English;
			hasScannedForEncodings = 0;
			knownRegions = (
				en,
				Base,
			);
			mainGroup = 079EA8AF1D3FA78D000570B2;
			productRefGroup = 079EA8B91D3FA78D000570B2 /* Products */;
			projectDirPath = "";
			projectRoot = "";
			targets = (
				079EA8B71D3FA78D000570B2 /* Politics NI */,
			);
		};
/* End PBXProject section */

/* Begin PBXResourcesBuildPhase section */
		079EA8B61D3FA78D000570B2 /* Resources */ = {
			isa = PBXResourcesBuildPhase;
			buildActionMask = 2147483647;
			files = (
				0700F4501D42BA6900E52F1D /* backbutton.png in Resources */,
				078C02451D44F7A400FBBF81 /* Main.storyboard in Resources */,
				0757BC8E1D43A9EA005D16B3 /* emailIcon.png in Resources */,
				0700F4521D42D15C00E52F1D /* forwardArrow.png in Resources */,
				079EA8C61D3FA78D000570B2 /* LaunchScreen.storyboard in Resources */,
				0727682C1D42301900FA9821 /* Default-568h@2x.png in Resources */,
				0757BC901D43AADE005D16B3 /* phoneIcon in Resources */,
				07DE605B1D439EB600AAAC37 /* polProfile in Resources */,
				076D432D1D4406C300A2A69D /* GoogleService-Info.plist in Resources */,
				079EA8C31D3FA78D000570B2 /* Assets.xcassets in Resources */,
			);
			runOnlyForDeploymentPostprocessing = 0;
		};
/* End PBXResourcesBuildPhase section */

/* Begin PBXShellScriptBuildPhase section */
		078C02461D4524EF00FBBF81 /* Run Script */ = {
			isa = PBXShellScriptBuildPhase;
			buildActionMask = 2147483647;
			files = (
			);
			inputPaths = (
			);
			name = "Run Script";
			outputPaths = (
			);
			runOnlyForDeploymentPostprocessing = 0;
			shellPath = /bin/sh;
			shellScript = "\"${PODS_ROOT}/Fabric/run\" ee203f49deb3e6ee60263dc80eb6289589ed084b a67893daa3ec1cc0fcad880934d29dc0f2e07b472ddd8e9927efc3fe19eca366";
		};
		1308D6271E112A77840E7495 /* [CP] Check Pods Manifest.lock */ = {
			isa = PBXShellScriptBuildPhase;
			buildActionMask = 2147483647;
			files = (
			);
			inputPaths = (
			);
			name = "[CP] Check Pods Manifest.lock";
			outputPaths = (
			);
			runOnlyForDeploymentPostprocessing = 0;
			shellPath = /bin/sh;
			shellScript = "diff \"${PODS_ROOT}/../Podfile.lock\" \"${PODS_ROOT}/Manifest.lock\" > /dev/null\nif [[ $? != 0 ]] ; then\n    cat << EOM\nerror: The sandbox is not in sync with the Podfile.lock. Run 'pod install' or update your CocoaPods installation.\nEOM\n    exit 1\nfi\n";
			showEnvVarsInLog = 0;
		};
		3237F3083F3F1752F496A2A6 /* [CP] Embed Pods Frameworks */ = {
			isa = PBXShellScriptBuildPhase;
			buildActionMask = 2147483647;
			files = (
			);
			inputPaths = (
			);
			name = "[CP] Embed Pods Frameworks";
			outputPaths = (
			);
			runOnlyForDeploymentPostprocessing = 0;
			shellPath = /bin/sh;
			shellScript = "\"${SRCROOT}/Pods/Target Support Files/Pods-Politics NI/Pods-Politics NI-frameworks.sh\"\n";
			showEnvVarsInLog = 0;
		};
		CD2C56218499278333A5D82C /* [CP] Copy Pods Resources */ = {
			isa = PBXShellScriptBuildPhase;
			buildActionMask = 2147483647;
			files = (
			);
			inputPaths = (
			);
			name = "[CP] Copy Pods Resources";
			outputPaths = (
			);
			runOnlyForDeploymentPostprocessing = 0;
			shellPath = /bin/sh;
			shellScript = "\"${SRCROOT}/Pods/Target Support Files/Pods-Politics NI/Pods-Politics NI-resources.sh\"\n";
			showEnvVarsInLog = 0;
		};
/* End PBXShellScriptBuildPhase section */

/* Begin PBXSourcesBuildPhase section */
		079EA8B41D3FA78D000570B2 /* Sources */ = {
			isa = PBXSourcesBuildPhase;
			buildActionMask = 2147483647;
			files = (
				07B8253D1D411F3400E20DD4 /* PolCellViewController.swift in Sources */,
				07DE60591D439C2300AAAC37 /* PoliticianProfileViewController.swift in Sources */,
				079EA8BE1D3FA78D000570B2 /* ViewController.swift in Sources */,
				076516951D4111A200E4C04E /* PolTableViewController.swift in Sources */,
				079EA8D41D3FC8BB000570B2 /* DatabaseUtility.swift in Sources */,
				079EA8BC1D3FA78D000570B2 /* AppDelegate.swift in Sources */,
				079EA8D01D3FB1AB000570B2 /* Party.swift in Sources */,
				079EA8CE1D3FA7A3000570B2 /* Politician.swift in Sources */,
				079EA8D21D3FB233000570B2 /* Minister.swift in Sources */,
			);
			runOnlyForDeploymentPostprocessing = 0;
		};
/* End PBXSourcesBuildPhase section */

/* Begin PBXVariantGroup section */
		078C02431D44F7A400FBBF81 /* Main.storyboard */ = {
			isa = PBXVariantGroup;
			children = (
				078C02441D44F7A400FBBF81 /* Base */,
			);
			name = Main.storyboard;
			sourceTree = "<group>";
		};
		079EA8C41D3FA78D000570B2 /* LaunchScreen.storyboard */ = {
			isa = PBXVariantGroup;
			children = (
				079EA8C51D3FA78D000570B2 /* Base */,
			);
			name = LaunchScreen.storyboard;
			sourceTree = "<group>";
		};
/* End PBXVariantGroup section */

/* Begin XCBuildConfiguration section */
		079EA8C81D3FA78D000570B2 /* Debug */ = {
			isa = XCBuildConfiguration;
			buildSettings = {
				ALWAYS_SEARCH_USER_PATHS = NO;
				CLANG_ANALYZER_NONNULL = YES;
				CLANG_CXX_LANGUAGE_STANDARD = "gnu++0x";
				CLANG_CXX_LIBRARY = "libc++";
				CLANG_ENABLE_MODULES = YES;
				CLANG_ENABLE_OBJC_ARC = YES;
				CLANG_WARN_BOOL_CONVERSION = YES;
				CLANG_WARN_CONSTANT_CONVERSION = YES;
				CLANG_WARN_DIRECT_OBJC_ISA_USAGE = YES_ERROR;
				CLANG_WARN_EMPTY_BODY = YES;
				CLANG_WARN_ENUM_CONVERSION = YES;
				CLANG_WARN_INT_CONVERSION = YES;
				CLANG_WARN_OBJC_ROOT_CLASS = YES_ERROR;
				CLANG_WARN_UNREACHABLE_CODE = YES;
				CLANG_WARN__DUPLICATE_METHOD_MATCH = YES;
				"CODE_SIGN_IDENTITY[sdk=iphoneos*]" = "iPhone Developer";
				COPY_PHASE_STRIP = NO;
				DEBUG_INFORMATION_FORMAT = dwarf;
				ENABLE_STRICT_OBJC_MSGSEND = YES;
				ENABLE_TESTABILITY = YES;
				GCC_C_LANGUAGE_STANDARD = gnu99;
				GCC_DYNAMIC_NO_PIC = NO;
				GCC_NO_COMMON_BLOCKS = YES;
				GCC_OPTIMIZATION_LEVEL = 0;
				GCC_PREPROCESSOR_DEFINITIONS = (
					"DEBUG=1",
					"$(inherited)",
				);
				GCC_WARN_64_TO_32_BIT_CONVERSION = YES;
				GCC_WARN_ABOUT_RETURN_TYPE = YES_ERROR;
				GCC_WARN_UNDECLARED_SELECTOR = YES;
				GCC_WARN_UNINITIALIZED_AUTOS = YES_AGGRESSIVE;
				GCC_WARN_UNUSED_FUNCTION = YES;
				GCC_WARN_UNUSED_VARIABLE = YES;
				IPHONEOS_DEPLOYMENT_TARGET = 9.3;
				MTL_ENABLE_DEBUG_INFO = YES;
				ONLY_ACTIVE_ARCH = YES;
				SDKROOT = iphoneos;
				SWIFT_OPTIMIZATION_LEVEL = "-Onone";
				TARGETED_DEVICE_FAMILY = "1,2";
			};
			name = Debug;
		};
		079EA8C91D3FA78D000570B2 /* Release */ = {
			isa = XCBuildConfiguration;
			buildSettings = {
				ALWAYS_SEARCH_USER_PATHS = NO;
				CLANG_ANALYZER_NONNULL = YES;
				CLANG_CXX_LANGUAGE_STANDARD = "gnu++0x";
				CLANG_CXX_LIBRARY = "libc++";
				CLANG_ENABLE_MODULES = YES;
				CLANG_ENABLE_OBJC_ARC = YES;
				CLANG_WARN_BOOL_CONVERSION = YES;
				CLANG_WARN_CONSTANT_CONVERSION = YES;
				CLANG_WARN_DIRECT_OBJC_ISA_USAGE = YES_ERROR;
				CLANG_WARN_EMPTY_BODY = YES;
				CLANG_WARN_ENUM_CONVERSION = YES;
				CLANG_WARN_INT_CONVERSION = YES;
				CLANG_WARN_OBJC_ROOT_CLASS = YES_ERROR;
				CLANG_WARN_UNREACHABLE_CODE = YES;
				CLANG_WARN__DUPLICATE_METHOD_MATCH = YES;
				"CODE_SIGN_IDENTITY[sdk=iphoneos*]" = "iPhone Developer";
				COPY_PHASE_STRIP = NO;
				DEBUG_INFORMATION_FORMAT = "dwarf-with-dsym";
				ENABLE_NS_ASSERTIONS = NO;
				ENABLE_STRICT_OBJC_MSGSEND = YES;
				GCC_C_LANGUAGE_STANDARD = gnu99;
				GCC_NO_COMMON_BLOCKS = YES;
				GCC_WARN_64_TO_32_BIT_CONVERSION = YES;
				GCC_WARN_ABOUT_RETURN_TYPE = YES_ERROR;
				GCC_WARN_UNDECLARED_SELECTOR = YES;
				GCC_WARN_UNINITIALIZED_AUTOS = YES_AGGRESSIVE;
				GCC_WARN_UNUSED_FUNCTION = YES;
				GCC_WARN_UNUSED_VARIABLE = YES;
				IPHONEOS_DEPLOYMENT_TARGET = 9.3;
				MTL_ENABLE_DEBUG_INFO = NO;
				SDKROOT = iphoneos;
				TARGETED_DEVICE_FAMILY = "1,2";
				VALIDATE_PRODUCT = YES;
			};
			name = Release;
		};
		079EA8CB1D3FA78D000570B2 /* Debug */ = {
			isa = XCBuildConfiguration;
			baseConfigurationReference = 56CEBB80F2990F497E9FF87C /* Pods-Politics NI.debug.xcconfig */;
			buildSettings = {
				ASSETCATALOG_COMPILER_APPICON_NAME = AppIcon;
				CODE_SIGN_IDENTITY = "iPhone Developer";
				"CODE_SIGN_IDENTITY[sdk=iphoneos*]" = "iPhone Developer";
				INFOPLIST_FILE = "Politics NI/Info.plist";
				LD_RUNPATH_SEARCH_PATHS = "$(inherited) @executable_path/Frameworks";
				PRODUCT_BUNDLE_IDENTIFIER = "com.AppCamp.Politics-NI";
				PRODUCT_NAME = "$(TARGET_NAME)";
				PROVISIONING_PROFILE = "";
			};
			name = Debug;
		};
		079EA8CC1D3FA78D000570B2 /* Release */ = {
			isa = XCBuildConfiguration;
			baseConfigurationReference = B528CF04131D3C2E3181221D /* Pods-Politics NI.release.xcconfig */;
			buildSettings = {
				ASSETCATALOG_COMPILER_APPICON_NAME = AppIcon;
				CODE_SIGN_IDENTITY = "iPhone Developer";
				"CODE_SIGN_IDENTITY[sdk=iphoneos*]" = "iPhone Developer";
				INFOPLIST_FILE = "Politics NI/Info.plist";
				LD_RUNPATH_SEARCH_PATHS = "$(inherited) @executable_path/Frameworks";
				PRODUCT_BUNDLE_IDENTIFIER = "com.AppCamp.Politics-NI";
				PRODUCT_NAME = "$(TARGET_NAME)";
				PROVISIONING_PROFILE = "";
			};
			name = Release;
		};
/* End XCBuildConfiguration section */

/* Begin XCConfigurationList section */
		079EA8B31D3FA78D000570B2 /* Build configuration list for PBXProject "Politics NI" */ = {
			isa = XCConfigurationList;
			buildConfigurations = (
				079EA8C81D3FA78D000570B2 /* Debug */,
				079EA8C91D3FA78D000570B2 /* Release */,
			);
			defaultConfigurationIsVisible = 0;
			defaultConfigurationName = Release;
		};
		079EA8CA1D3FA78D000570B2 /* Build configuration list for PBXNativeTarget "Politics NI" */ = {
			isa = XCConfigurationList;
			buildConfigurations = (
				079EA8CB1D3FA78D000570B2 /* Debug */,
				079EA8CC1D3FA78D000570B2 /* Release */,
			);
			defaultConfigurationIsVisible = 0;
			defaultConfigurationName = Release;
		};
/* End XCConfigurationList section */
	};
	rootObject = 079EA8B01D3FA78D000570B2 /* Project object */;
}
